Microsoft Visual Studio Solution File, Format Version 12.00
# Visual Studio Version 16
VisualStudioVersion = 16.0.31205.134
MinimumVisualStudioVersion = 10.0.40219.1
Project("{2150E333-8FDC-42A3-9474-1A3956D46DE8}") = "core", "core", "{AA1E389E-63B7-4A2F-9528-00665765DBB9}"
EndProject
Project("{FAE04EC0-301F-11D3-BF4B-00C04F79EFBC}") = "HelloWorld", "core\HelloWorld\HelloWorld.csproj", "{E540A99A-476B-4520-A228-A4A021D14AC1}"
EndProject
Project("{FAE04EC0-301F-11D3-BF4B-00C04F79EFBC}") = "Graphics", "core\Graphics\Graphics.csproj", "{1E2CA029-358D-41BC-9806-8110358C70B7}"
EndProject
Project("{FAE04EC0-301F-11D3-BF4B-00C04F79EFBC}") = "Booklet", "core\Booklet\Booklet.csproj", "{2F6EE037-2E83-484D-B408-2664A67E055E}"
EndProject
Project("{FAE04EC0-301F-11D3-BF4B-00C04F79EFBC}") = "Annotations", "core\Annotations\Annotations.csproj", "{7DEF36CE-85C8-4362-A3C4-A251E7622D91}"
EndProject
Project("{FAE04EC0-301F-11D3-BF4B-00C04F79EFBC}") = "Bookmarks", "core\Bookmarks\Bookmarks.csproj", "{6943487D-A0EE-4FFF-A487-0BB7713E6FD1}"
EndProject
Project("{FAE04EC0-301F-11D3-BF4B-00C04F79EFBC}") = "ColorsCMYK", "core\ColorsCMYK\ColorsCMYK.csproj", "{F93A45CE-BCAF-4306-B4B4-BD330CA6A993}"
EndProject
Project("{FAE04EC0-301F-11D3-BF4B-00C04F79EFBC}") = "CombineDocuments", "core\CombineDocuments\CombineDocuments.csproj", "{249FDC93-FB79-4BC8-B204-4E31B5825C1D}"
EndProject
Project("{FAE04EC0-301F-11D3-BF4B-00C04F79EFBC}") = "ConcatenateDocuments", "core\ConcatenateDocuments\ConcatenateDocuments.csproj", "{746AE8CE-8AE9-4A85-B119-48758CDAD8B3}"
EndProject
Project("{FAE04EC0-301F-11D3-BF4B-00C04F79EFBC}") = "ExportImages", "core\ExportImages\ExportImages.csproj", "{FE640B18-2E46-47C4-A269-E434AD76A532}"
EndProject
Project("{FAE04EC0-301F-11D3-BF4B-00C04F79EFBC}") = "PageSizes", "core\PageSizes\PageSizes.csproj", "{D5012EFA-4405-4CA0-B891-731CAF78AA25}"
EndProject
Project("{FAE04EC0-301F-11D3-BF4B-00C04F79EFBC}") = "ProtectDocument", "core\ProtectDocument\ProtectDocument.csproj", "{675756D4-3D4C-4DF3-A29A-D53B4DAC32F7}"
EndProject
Project("{FAE04EC0-301F-11D3-BF4B-00C04F79EFBC}") = "SplitDocument", "core\SplitDocument\SplitDocument.csproj", "{81406AD1-631A-463E-9605-46C3F17DD6F8}"
EndProject
Project("{FAE04EC0-301F-11D3-BF4B-00C04F79EFBC}") = "TextLayout", "core\TextLayout\TextLayout.csproj", "{0451C676-A114-4088-A997-87136152F69F}"
EndProject
Project("{FAE04EC0-301F-11D3-BF4B-00C04F79EFBC}") = "TwoPagesOnOne", "core\TwoPagesOnOne\TwoPagesOnOne.csproj", "{D11FD3CC-5A6E-4126-A197-65F6463155AF}"
EndProject
Project("{FAE04EC0-301F-11D3-BF4B-00C04F79EFBC}") = "Unicode", "core\Unicode\Unicode.csproj", "{443E6751-17FE-4FEE-9701-B38519662772}"
EndProject
Project("{FAE04EC0-301F-11D3-BF4B-00C04F79EFBC}") = "UnprotectDocument", "core\UnprotectDocument\UnprotectDocument.csproj", "{55A0607A-0134-434B-B578-4E0CB3E0660F}"
EndProject
Project("{FAE04EC0-301F-11D3-BF4B-00C04F79EFBC}") = "Watermark", "core\Watermark\Watermark.csproj", "{6FEC8233-7ECB-46E2-A576-DD73692F8BFB}"
EndProject
Project("{FAE04EC0-301F-11D3-BF4B-00C04F79EFBC}") = "WorkOnPdfObjects", "core\WorkOnPdfObjects\WorkOnPdfObjects.csproj", "{61556B6D-CDE8-4596-AFFD-8C19132F58A2}"
EndProject
Project("{FAE04EC0-301F-11D3-BF4B-00C04F79EFBC}") = "XForms", "core\XForms\XForms.csproj", "{5390D103-CC38-4C0E-A9FF-E2EB48A0833E}"
EndProject
Project("{FAE04EC0-301F-11D3-BF4B-00C04F79EFBC}") = "WPFonts", "core\WPFonts\WPFonts.csproj", "{2819FCFA-B788-456F-963A-83C443E5AF6E}"
EndProject
Project("{FAE04EC0-301F-11D3-BF4B-00C04F79EFBC}") = "FontResolver", "core\FontResolver\FontResolver.csproj", "{940BF215-9991-400A-A3AD-F65476556832}"
EndProject
Project("{2150E333-8FDC-42A3-9474-1A3956D46DE8}") = "Solution Items", "Solution Items", "{3707237E-34A1-40F7-916B-339A7721EF37}"
	ProjectSection(SolutionItems) = preProject
		!ReadMe.txt = !ReadMe.txt
	EndProjectSection
EndProject
Project("{FAE04EC0-301F-11D3-BF4B-00C04F79EFBC}") = "PdfSharp", "..\..\PDFsharp\src\PdfSharp\PdfSharp.csproj", "{5A6055BC-BF86-4FDD-9F62-0109DB7A303B}"
EndProject
Project("{FAE04EC0-301F-11D3-BF4B-00C04F79EFBC}") = "PdfSharp.Charting", "..\..\PDFsharp\src\PdfSharp.Charting\PdfSharp.Charting.csproj", "{6F98A822-41B0-4C7A-85A6-E95C1D3E88EF}"
EndProject
Project("{FAE04EC0-301F-11D3-BF4B-00C04F79EFBC}") = "HelloWorldNet472", "core\HelloWorldNet472\HelloWorldNet472.csproj", "{F5058589-6B12-4F5D-B9DC-A550842498E9}"
EndProject
Project("{FAE04EC0-301F-11D3-BF4B-00C04F79EFBC}") = "HelloWorldCore31", "core\HelloWorldCore31\HelloWorldCore31.csproj", "{176507E1-A7B2-4D00-9F15-C0269916F653}"
EndProject
Project("{FAE04EC0-301F-11D3-BF4B-00C04F79EFBC}") = "GraphicsNet472", "core\GraphicsNet472\GraphicsNet472.csproj", "{A506F0FC-DAD6-4E8B-A088-9F26A785B4E5}"
EndProject
Project("{FAE04EC0-301F-11D3-BF4B-00C04F79EFBC}") = "GraphicsNetCore31", "core\GraphicsNetCore31\GraphicsNetCore31.csproj", "{FB05E238-3A49-4609-93CF-E564216F333D}"
EndProject
Project("{FAE04EC0-301F-11D3-BF4B-00C04F79EFBC}") = "Markup", "core\Markup\Markup.csproj", "{F2A3B76C-7CF5-4036-BD51-7FD1982926E0}"
EndProject
Project("{FAE04EC0-301F-11D3-BF4B-00C04F79EFBC}") = "MarkupNetCore31", "core\MarkupNetCore31\MarkupNetCore31.csproj", "{098C36B0-34DB-4559-8866-2BC403E93276}"
EndProject
Global
	GlobalSection(SolutionConfigurationPlatforms) = preSolution
		Debug|Any CPU = Debug|Any CPU
		Debug|ARM = Debug|ARM
		Debug|Mixed Platforms = Debug|Mixed Platforms
		Debug|Win32 = Debug|Win32
		Debug|x64 = Debug|x64
		Debug|x86 = Debug|x86
		Release|Any CPU = Release|Any CPU
		Release|ARM = Release|ARM
		Release|Mixed Platforms = Release|Mixed Platforms
		Release|Win32 = Release|Win32
		Release|x64 = Release|x64
		Release|x86 = Release|x86
	EndGlobalSection
	GlobalSection(ProjectConfigurationPlatforms) = postSolution
		{E540A99A-476B-4520-A228-A4A021D14AC1}.Debug|Any CPU.ActiveCfg = Debug|Any CPU
		{E540A99A-476B-4520-A228-A4A021D14AC1}.Debug|Any CPU.Build.0 = Debug|Any CPU
		{E540A99A-476B-4520-A228-A4A021D14AC1}.Debug|ARM.ActiveCfg = Debug|Any CPU
		{E540A99A-476B-4520-A228-A4A021D14AC1}.Debug|ARM.Build.0 = Debug|Any CPU
		{E540A99A-476B-4520-A228-A4A021D14AC1}.Debug|Mixed Platforms.ActiveCfg = Debug|Any CPU
		{E540A99A-476B-4520-A228-A4A021D14AC1}.Debug|Mixed Platforms.Build.0 = Debug|Any CPU
		{E540A99A-476B-4520-A228-A4A021D14AC1}.Debug|Win32.ActiveCfg = Debug|Any CPU
		{E540A99A-476B-4520-A228-A4A021D14AC1}.Debug|Win32.Build.0 = Debug|Any CPU
		{E540A99A-476B-4520-A228-A4A021D14AC1}.Debug|x64.ActiveCfg = Debug|Any CPU
		{E540A99A-476B-4520-A228-A4A021D14AC1}.Debug|x64.Build.0 = Debug|Any CPU
		{E540A99A-476B-4520-A228-A4A021D14AC1}.Debug|x86.ActiveCfg = Debug|Any CPU
		{E540A99A-476B-4520-A228-A4A021D14AC1}.Debug|x86.Build.0 = Debug|Any CPU
		{E540A99A-476B-4520-A228-A4A021D14AC1}.Release|Any CPU.ActiveCfg = Release|Any CPU
		{E540A99A-476B-4520-A228-A4A021D14AC1}.Release|Any CPU.Build.0 = Release|Any CPU
		{E540A99A-476B-4520-A228-A4A021D14AC1}.Release|ARM.ActiveCfg = Release|Any CPU
		{E540A99A-476B-4520-A228-A4A021D14AC1}.Release|ARM.Build.0 = Release|Any CPU
		{E540A99A-476B-4520-A228-A4A021D14AC1}.Release|Mixed Platforms.ActiveCfg = Release|Any CPU
		{E540A99A-476B-4520-A228-A4A021D14AC1}.Release|Mixed Platforms.Build.0 = Release|Any CPU
		{E540A99A-476B-4520-A228-A4A021D14AC1}.Release|Win32.ActiveCfg = Release|Any CPU
		{E540A99A-476B-4520-A228-A4A021D14AC1}.Release|Win32.Build.0 = Release|Any CPU
		{E540A99A-476B-4520-A228-A4A021D14AC1}.Release|x64.ActiveCfg = Release|Any CPU
		{E540A99A-476B-4520-A228-A4A021D14AC1}.Release|x64.Build.0 = Release|Any CPU
		{E540A99A-476B-4520-A228-A4A021D14AC1}.Release|x86.ActiveCfg = Release|Any CPU
		{E540A99A-476B-4520-A228-A4A021D14AC1}.Release|x86.Build.0 = Release|Any CPU
		{1E2CA029-358D-41BC-9806-8110358C70B7}.Debug|Any CPU.ActiveCfg = Debug|Any CPU
		{1E2CA029-358D-41BC-9806-8110358C70B7}.Debug|Any CPU.Build.0 = Debug|Any CPU
		{1E2CA029-358D-41BC-9806-8110358C70B7}.Debug|ARM.ActiveCfg = Debug|Any CPU
		{1E2CA029-358D-41BC-9806-8110358C70B7}.Debug|ARM.Build.0 = Debug|Any CPU
		{1E2CA029-358D-41BC-9806-8110358C70B7}.Debug|Mixed Platforms.ActiveCfg = Debug|Any CPU
		{1E2CA029-358D-41BC-9806-8110358C70B7}.Debug|Mixed Platforms.Build.0 = Debug|Any CPU
		{1E2CA029-358D-41BC-9806-8110358C70B7}.Debug|Win32.ActiveCfg = Debug|Any CPU
		{1E2CA029-358D-41BC-9806-8110358C70B7}.Debug|Win32.Build.0 = Debug|Any CPU
		{1E2CA029-358D-41BC-9806-8110358C70B7}.Debug|x64.ActiveCfg = Debug|Any CPU
		{1E2CA029-358D-41BC-9806-8110358C70B7}.Debug|x64.Build.0 = Debug|Any CPU
		{1E2CA029-358D-41BC-9806-8110358C70B7}.Debug|x86.ActiveCfg = Debug|Any CPU
		{1E2CA029-358D-41BC-9806-8110358C70B7}.Debug|x86.Build.0 = Debug|Any CPU
		{1E2CA029-358D-41BC-9806-8110358C70B7}.Release|Any CPU.ActiveCfg = Release|Any CPU
		{1E2CA029-358D-41BC-9806-8110358C70B7}.Release|Any CPU.Build.0 = Release|Any CPU
		{1E2CA029-358D-41BC-9806-8110358C70B7}.Release|ARM.ActiveCfg = Release|Any CPU
		{1E2CA029-358D-41BC-9806-8110358C70B7}.Release|ARM.Build.0 = Release|Any CPU
		{1E2CA029-358D-41BC-9806-8110358C70B7}.Release|Mixed Platforms.ActiveCfg = Release|Any CPU
		{1E2CA029-358D-41BC-9806-8110358C70B7}.Release|Mixed Platforms.Build.0 = Release|Any CPU
		{1E2CA029-358D-41BC-9806-8110358C70B7}.Release|Win32.ActiveCfg = Release|Any CPU
		{1E2CA029-358D-41BC-9806-8110358C70B7}.Release|Win32.Build.0 = Release|Any CPU
		{1E2CA029-358D-41BC-9806-8110358C70B7}.Release|x64.ActiveCfg = Release|Any CPU
		{1E2CA029-358D-41BC-9806-8110358C70B7}.Release|x64.Build.0 = Release|Any CPU
		{1E2CA029-358D-41BC-9806-8110358C70B7}.Release|x86.ActiveCfg = Release|Any CPU
		{1E2CA029-358D-41BC-9806-8110358C70B7}.Release|x86.Build.0 = Release|Any CPU
		{2F6EE037-2E83-484D-B408-2664A67E055E}.Debug|Any CPU.ActiveCfg = Debug|Any CPU
		{2F6EE037-2E83-484D-B408-2664A67E055E}.Debug|Any CPU.Build.0 = Debug|Any CPU
		{2F6EE037-2E83-484D-B408-2664A67E055E}.Debug|ARM.ActiveCfg = Debug|Any CPU
		{2F6EE037-2E83-484D-B408-2664A67E055E}.Debug|ARM.Build.0 = Debug|Any CPU
		{2F6EE037-2E83-484D-B408-2664A67E055E}.Debug|Mixed Platforms.ActiveCfg = Debug|Any CPU
		{2F6EE037-2E83-484D-B408-2664A67E055E}.Debug|Mixed Platforms.Build.0 = Debug|Any CPU
		{2F6EE037-2E83-484D-B408-2664A67E055E}.Debug|Win32.ActiveCfg = Debug|Any CPU
		{2F6EE037-2E83-484D-B408-2664A67E055E}.Debug|Win32.Build.0 = Debug|Any CPU
		{2F6EE037-2E83-484D-B408-2664A67E055E}.Debug|x64.ActiveCfg = Debug|Any CPU
		{2F6EE037-2E83-484D-B408-2664A67E055E}.Debug|x64.Build.0 = Debug|Any CPU
		{2F6EE037-2E83-484D-B408-2664A67E055E}.Debug|x86.ActiveCfg = Debug|Any CPU
		{2F6EE037-2E83-484D-B408-2664A67E055E}.Debug|x86.Build.0 = Debug|Any CPU
		{2F6EE037-2E83-484D-B408-2664A67E055E}.Release|Any CPU.ActiveCfg = Release|Any CPU
		{2F6EE037-2E83-484D-B408-2664A67E055E}.Release|Any CPU.Build.0 = Release|Any CPU
		{2F6EE037-2E83-484D-B408-2664A67E055E}.Release|ARM.ActiveCfg = Release|Any CPU
		{2F6EE037-2E83-484D-B408-2664A67E055E}.Release|ARM.Build.0 = Release|Any CPU
		{2F6EE037-2E83-484D-B408-2664A67E055E}.Release|Mixed Platforms.ActiveCfg = Release|Any CPU
		{2F6EE037-2E83-484D-B408-2664A67E055E}.Release|Mixed Platforms.Build.0 = Release|Any CPU
		{2F6EE037-2E83-484D-B408-2664A67E055E}.Release|Win32.ActiveCfg = Release|Any CPU
		{2F6EE037-2E83-484D-B408-2664A67E055E}.Release|Win32.Build.0 = Release|Any CPU
		{2F6EE037-2E83-484D-B408-2664A67E055E}.Release|x64.ActiveCfg = Release|Any CPU
		{2F6EE037-2E83-484D-B408-2664A67E055E}.Release|x64.Build.0 = Release|Any CPU
		{2F6EE037-2E83-484D-B408-2664A67E055E}.Release|x86.ActiveCfg = Release|Any CPU
		{2F6EE037-2E83-484D-B408-2664A67E055E}.Release|x86.Build.0 = Release|Any CPU
		{7DEF36CE-85C8-4362-A3C4-A251E7622D91}.Debug|Any CPU.ActiveCfg = Debug|Any CPU
		{7DEF36CE-85C8-4362-A3C4-A251E7622D91}.Debug|Any CPU.Build.0 = Debug|Any CPU
		{7DEF36CE-85C8-4362-A3C4-A251E7622D91}.Debug|ARM.ActiveCfg = Debug|Any CPU
		{7DEF36CE-85C8-4362-A3C4-A251E7622D91}.Debug|ARM.Build.0 = Debug|Any CPU
		{7DEF36CE-85C8-4362-A3C4-A251E7622D91}.Debug|Mixed Platforms.ActiveCfg = Debug|Any CPU
		{7DEF36CE-85C8-4362-A3C4-A251E7622D91}.Debug|Mixed Platforms.Build.0 = Debug|Any CPU
		{7DEF36CE-85C8-4362-A3C4-A251E7622D91}.Debug|Win32.ActiveCfg = Debug|Any CPU
		{7DEF36CE-85C8-4362-A3C4-A251E7622D91}.Debug|Win32.Build.0 = Debug|Any CPU
		{7DEF36CE-85C8-4362-A3C4-A251E7622D91}.Debug|x64.ActiveCfg = Debug|Any CPU
		{7DEF36CE-85C8-4362-A3C4-A251E7622D91}.Debug|x64.Build.0 = Debug|Any CPU
		{7DEF36CE-85C8-4362-A3C4-A251E7622D91}.Debug|x86.ActiveCfg = Debug|Any CPU
		{7DEF36CE-85C8-4362-A3C4-A251E7622D91}.Debug|x86.Build.0 = Debug|Any CPU
		{7DEF36CE-85C8-4362-A3C4-A251E7622D91}.Release|Any CPU.ActiveCfg = Release|Any CPU
		{7DEF36CE-85C8-4362-A3C4-A251E7622D91}.Release|Any CPU.Build.0 = Release|Any CPU
		{7DEF36CE-85C8-4362-A3C4-A251E7622D91}.Release|ARM.ActiveCfg = Release|Any CPU
		{7DEF36CE-85C8-4362-A3C4-A251E7622D91}.Release|ARM.Build.0 = Release|Any CPU
		{7DEF36CE-85C8-4362-A3C4-A251E7622D91}.Release|Mixed Platforms.ActiveCfg = Release|Any CPU
		{7DEF36CE-85C8-4362-A3C4-A251E7622D91}.Release|Mixed Platforms.Build.0 = Release|Any CPU
		{7DEF36CE-85C8-4362-A3C4-A251E7622D91}.Release|Win32.ActiveCfg = Release|Any CPU
		{7DEF36CE-85C8-4362-A3C4-A251E7622D91}.Release|Win32.Build.0 = Release|Any CPU
		{7DEF36CE-85C8-4362-A3C4-A251E7622D91}.Release|x64.ActiveCfg = Release|Any CPU
		{7DEF36CE-85C8-4362-A3C4-A251E7622D91}.Release|x64.Build.0 = Release|Any CPU
		{7DEF36CE-85C8-4362-A3C4-A251E7622D91}.Release|x86.ActiveCfg = Release|Any CPU
		{7DEF36CE-85C8-4362-A3C4-A251E7622D91}.Release|x86.Build.0 = Release|Any CPU
		{6943487D-A0EE-4FFF-A487-0BB7713E6FD1}.Debug|Any CPU.ActiveCfg = Debug|Any CPU
		{6943487D-A0EE-4FFF-A487-0BB7713E6FD1}.Debug|Any CPU.Build.0 = Debug|Any CPU
		{6943487D-A0EE-4FFF-A487-0BB7713E6FD1}.Debug|ARM.ActiveCfg = Debug|Any CPU
		{6943487D-A0EE-4FFF-A487-0BB7713E6FD1}.Debug|ARM.Build.0 = Debug|Any CPU
		{6943487D-A0EE-4FFF-A487-0BB7713E6FD1}.Debug|Mixed Platforms.ActiveCfg = Debug|Any CPU
		{6943487D-A0EE-4FFF-A487-0BB7713E6FD1}.Debug|Mixed Platforms.Build.0 = Debug|Any CPU
		{6943487D-A0EE-4FFF-A487-0BB7713E6FD1}.Debug|Win32.ActiveCfg = Debug|Any CPU
		{6943487D-A0EE-4FFF-A487-0BB7713E6FD1}.Debug|Win32.Build.0 = Debug|Any CPU
		{6943487D-A0EE-4FFF-A487-0BB7713E6FD1}.Debug|x64.ActiveCfg = Debug|Any CPU
		{6943487D-A0EE-4FFF-A487-0BB7713E6FD1}.Debug|x64.Build.0 = Debug|Any CPU
		{6943487D-A0EE-4FFF-A487-0BB7713E6FD1}.Debug|x86.ActiveCfg = Debug|Any CPU
		{6943487D-A0EE-4FFF-A487-0BB7713E6FD1}.Debug|x86.Build.0 = Debug|Any CPU
		{6943487D-A0EE-4FFF-A487-0BB7713E6FD1}.Release|Any CPU.ActiveCfg = Release|Any CPU
		{6943487D-A0EE-4FFF-A487-0BB7713E6FD1}.Release|Any CPU.Build.0 = Release|Any CPU
		{6943487D-A0EE-4FFF-A487-0BB7713E6FD1}.Release|ARM.ActiveCfg = Release|Any CPU
		{6943487D-A0EE-4FFF-A487-0BB7713E6FD1}.Release|ARM.Build.0 = Release|Any CPU
		{6943487D-A0EE-4FFF-A487-0BB7713E6FD1}.Release|Mixed Platforms.ActiveCfg = Release|Any CPU
		{6943487D-A0EE-4FFF-A487-0BB7713E6FD1}.Release|Mixed Platforms.Build.0 = Release|Any CPU
		{6943487D-A0EE-4FFF-A487-0BB7713E6FD1}.Release|Win32.ActiveCfg = Release|Any CPU
		{6943487D-A0EE-4FFF-A487-0BB7713E6FD1}.Release|Win32.Build.0 = Release|Any CPU
		{6943487D-A0EE-4FFF-A487-0BB7713E6FD1}.Release|x64.ActiveCfg = Release|Any CPU
		{6943487D-A0EE-4FFF-A487-0BB7713E6FD1}.Release|x64.Build.0 = Release|Any CPU
		{6943487D-A0EE-4FFF-A487-0BB7713E6FD1}.Release|x86.ActiveCfg = Release|Any CPU
		{6943487D-A0EE-4FFF-A487-0BB7713E6FD1}.Release|x86.Build.0 = Release|Any CPU
		{F93A45CE-BCAF-4306-B4B4-BD330CA6A993}.Debug|Any CPU.ActiveCfg = Debug|Any CPU
		{F93A45CE-BCAF-4306-B4B4-BD330CA6A993}.Debug|Any CPU.Build.0 = Debug|Any CPU
		{F93A45CE-BCAF-4306-B4B4-BD330CA6A993}.Debug|ARM.ActiveCfg = Debug|Any CPU
		{F93A45CE-BCAF-4306-B4B4-BD330CA6A993}.Debug|ARM.Build.0 = Debug|Any CPU
		{F93A45CE-BCAF-4306-B4B4-BD330CA6A993}.Debug|Mixed Platforms.ActiveCfg = Debug|Any CPU
		{F93A45CE-BCAF-4306-B4B4-BD330CA6A993}.Debug|Mixed Platforms.Build.0 = Debug|Any CPU
		{F93A45CE-BCAF-4306-B4B4-BD330CA6A993}.Debug|Win32.ActiveCfg = Debug|Any CPU
		{F93A45CE-BCAF-4306-B4B4-BD330CA6A993}.Debug|Win32.Build.0 = Debug|Any CPU
		{F93A45CE-BCAF-4306-B4B4-BD330CA6A993}.Debug|x64.ActiveCfg = Debug|Any CPU
		{F93A45CE-BCAF-4306-B4B4-BD330CA6A993}.Debug|x64.Build.0 = Debug|Any CPU
		{F93A45CE-BCAF-4306-B4B4-BD330CA6A993}.Debug|x86.ActiveCfg = Debug|Any CPU
		{F93A45CE-BCAF-4306-B4B4-BD330CA6A993}.Debug|x86.Build.0 = Debug|Any CPU
		{F93A45CE-BCAF-4306-B4B4-BD330CA6A993}.Release|Any CPU.ActiveCfg = Release|Any CPU
		{F93A45CE-BCAF-4306-B4B4-BD330CA6A993}.Release|Any CPU.Build.0 = Release|Any CPU
		{F93A45CE-BCAF-4306-B4B4-BD330CA6A993}.Release|ARM.ActiveCfg = Release|Any CPU
		{F93A45CE-BCAF-4306-B4B4-BD330CA6A993}.Release|ARM.Build.0 = Release|Any CPU
		{F93A45CE-BCAF-4306-B4B4-BD330CA6A993}.Release|Mixed Platforms.ActiveCfg = Release|Any CPU
		{F93A45CE-BCAF-4306-B4B4-BD330CA6A993}.Release|Mixed Platforms.Build.0 = Release|Any CPU
		{F93A45CE-BCAF-4306-B4B4-BD330CA6A993}.Release|Win32.ActiveCfg = Release|Any CPU
		{F93A45CE-BCAF-4306-B4B4-BD330CA6A993}.Release|Win32.Build.0 = Release|Any CPU
		{F93A45CE-BCAF-4306-B4B4-BD330CA6A993}.Release|x64.ActiveCfg = Release|Any CPU
		{F93A45CE-BCAF-4306-B4B4-BD330CA6A993}.Release|x64.Build.0 = Release|Any CPU
		{F93A45CE-BCAF-4306-B4B4-BD330CA6A993}.Release|x86.ActiveCfg = Release|Any CPU
		{F93A45CE-BCAF-4306-B4B4-BD330CA6A993}.Release|x86.Build.0 = Release|Any CPU
		{249FDC93-FB79-4BC8-B204-4E31B5825C1D}.Debug|Any CPU.ActiveCfg = Debug|Any CPU
		{249FDC93-FB79-4BC8-B204-4E31B5825C1D}.Debug|Any CPU.Build.0 = Debug|Any CPU
		{249FDC93-FB79-4BC8-B204-4E31B5825C1D}.Debug|ARM.ActiveCfg = Debug|Any CPU
		{249FDC93-FB79-4BC8-B204-4E31B5825C1D}.Debug|ARM.Build.0 = Debug|Any CPU
		{249FDC93-FB79-4BC8-B204-4E31B5825C1D}.Debug|Mixed Platforms.ActiveCfg = Debug|Any CPU
		{249FDC93-FB79-4BC8-B204-4E31B5825C1D}.Debug|Mixed Platforms.Build.0 = Debug|Any CPU
		{249FDC93-FB79-4BC8-B204-4E31B5825C1D}.Debug|Win32.ActiveCfg = Debug|Any CPU
		{249FDC93-FB79-4BC8-B204-4E31B5825C1D}.Debug|Win32.Build.0 = Debug|Any CPU
		{249FDC93-FB79-4BC8-B204-4E31B5825C1D}.Debug|x64.ActiveCfg = Debug|Any CPU
		{249FDC93-FB79-4BC8-B204-4E31B5825C1D}.Debug|x64.Build.0 = Debug|Any CPU
		{249FDC93-FB79-4BC8-B204-4E31B5825C1D}.Debug|x86.ActiveCfg = Debug|Any CPU
		{249FDC93-FB79-4BC8-B204-4E31B5825C1D}.Debug|x86.Build.0 = Debug|Any CPU
		{249FDC93-FB79-4BC8-B204-4E31B5825C1D}.Release|Any CPU.ActiveCfg = Release|Any CPU
		{249FDC93-FB79-4BC8-B204-4E31B5825C1D}.Release|Any CPU.Build.0 = Release|Any CPU
		{249FDC93-FB79-4BC8-B204-4E31B5825C1D}.Release|ARM.ActiveCfg = Release|Any CPU
		{249FDC93-FB79-4BC8-B204-4E31B5825C1D}.Release|ARM.Build.0 = Release|Any CPU
		{249FDC93-FB79-4BC8-B204-4E31B5825C1D}.Release|Mixed Platforms.ActiveCfg = Release|Any CPU
		{249FDC93-FB79-4BC8-B204-4E31B5825C1D}.Release|Mixed Platforms.Build.0 = Release|Any CPU
		{249FDC93-FB79-4BC8-B204-4E31B5825C1D}.Release|Win32.ActiveCfg = Release|Any CPU
		{249FDC93-FB79-4BC8-B204-4E31B5825C1D}.Release|Win32.Build.0 = Release|Any CPU
		{249FDC93-FB79-4BC8-B204-4E31B5825C1D}.Release|x64.ActiveCfg = Release|Any CPU
		{249FDC93-FB79-4BC8-B204-4E31B5825C1D}.Release|x64.Build.0 = Release|Any CPU
		{249FDC93-FB79-4BC8-B204-4E31B5825C1D}.Release|x86.ActiveCfg = Release|Any CPU
		{249FDC93-FB79-4BC8-B204-4E31B5825C1D}.Release|x86.Build.0 = Release|Any CPU
		{746AE8CE-8AE9-4A85-B119-48758CDAD8B3}.Debug|Any CPU.ActiveCfg = Debug|Any CPU
		{746AE8CE-8AE9-4A85-B119-48758CDAD8B3}.Debug|Any CPU.Build.0 = Debug|Any CPU
		{746AE8CE-8AE9-4A85-B119-48758CDAD8B3}.Debug|ARM.ActiveCfg = Debug|Any CPU
		{746AE8CE-8AE9-4A85-B119-48758CDAD8B3}.Debug|ARM.Build.0 = Debug|Any CPU
		{746AE8CE-8AE9-4A85-B119-48758CDAD8B3}.Debug|Mixed Platforms.ActiveCfg = Debug|Any CPU
		{746AE8CE-8AE9-4A85-B119-48758CDAD8B3}.Debug|Mixed Platforms.Build.0 = Debug|Any CPU
		{746AE8CE-8AE9-4A85-B119-48758CDAD8B3}.Debug|Win32.ActiveCfg = Debug|Any CPU
		{746AE8CE-8AE9-4A85-B119-48758CDAD8B3}.Debug|Win32.Build.0 = Debug|Any CPU
		{746AE8CE-8AE9-4A85-B119-48758CDAD8B3}.Debug|x64.ActiveCfg = Debug|Any CPU
		{746AE8CE-8AE9-4A85-B119-48758CDAD8B3}.Debug|x64.Build.0 = Debug|Any CPU
		{746AE8CE-8AE9-4A85-B119-48758CDAD8B3}.Debug|x86.ActiveCfg = Debug|Any CPU
		{746AE8CE-8AE9-4A85-B119-48758CDAD8B3}.Debug|x86.Build.0 = Debug|Any CPU
		{746AE8CE-8AE9-4A85-B119-48758CDAD8B3}.Release|Any CPU.ActiveCfg = Release|Any CPU
		{746AE8CE-8AE9-4A85-B119-48758CDAD8B3}.Release|Any CPU.Build.0 = Release|Any CPU
		{746AE8CE-8AE9-4A85-B119-48758CDAD8B3}.Release|ARM.ActiveCfg = Release|Any CPU
		{746AE8CE-8AE9-4A85-B119-48758CDAD8B3}.Release|ARM.Build.0 = Release|Any CPU
		{746AE8CE-8AE9-4A85-B119-48758CDAD8B3}.Release|Mixed Platforms.ActiveCfg = Release|Any CPU
		{746AE8CE-8AE9-4A85-B119-48758CDAD8B3}.Release|Mixed Platforms.Build.0 = Release|Any CPU
		{746AE8CE-8AE9-4A85-B119-48758CDAD8B3}.Release|Win32.ActiveCfg = Release|Any CPU
		{746AE8CE-8AE9-4A85-B119-48758CDAD8B3}.Release|Win32.Build.0 = Release|Any CPU
		{746AE8CE-8AE9-4A85-B119-48758CDAD8B3}.Release|x64.ActiveCfg = Release|Any CPU
		{746AE8CE-8AE9-4A85-B119-48758CDAD8B3}.Release|x64.Build.0 = Release|Any CPU
		{746AE8CE-8AE9-4A85-B119-48758CDAD8B3}.Release|x86.ActiveCfg = Release|Any CPU
		{746AE8CE-8AE9-4A85-B119-48758CDAD8B3}.Release|x86.Build.0 = Release|Any CPU
		{FE640B18-2E46-47C4-A269-E434AD76A532}.Debug|Any CPU.ActiveCfg = Debug|Any CPU
		{FE640B18-2E46-47C4-A269-E434AD76A532}.Debug|Any CPU.Build.0 = Debug|Any CPU
		{FE640B18-2E46-47C4-A269-E434AD76A532}.Debug|ARM.ActiveCfg = Debug|Any CPU
		{FE640B18-2E46-47C4-A269-E434AD76A532}.Debug|ARM.Build.0 = Debug|Any CPU
		{FE640B18-2E46-47C4-A269-E434AD76A532}.Debug|Mixed Platforms.ActiveCfg = Debug|Any CPU
		{FE640B18-2E46-47C4-A269-E434AD76A532}.Debug|Mixed Platforms.Build.0 = Debug|Any CPU
		{FE640B18-2E46-47C4-A269-E434AD76A532}.Debug|Win32.ActiveCfg = Debug|Any CPU
		{FE640B18-2E46-47C4-A269-E434AD76A532}.Debug|Win32.Build.0 = Debug|Any CPU
		{FE640B18-2E46-47C4-A269-E434AD76A532}.Debug|x64.ActiveCfg = Debug|Any CPU
		{FE640B18-2E46-47C4-A269-E434AD76A532}.Debug|x64.Build.0 = Debug|Any CPU
		{FE640B18-2E46-47C4-A269-E434AD76A532}.Debug|x86.ActiveCfg = Debug|Any CPU
		{FE640B18-2E46-47C4-A269-E434AD76A532}.Debug|x86.Build.0 = Debug|Any CPU
		{FE640B18-2E46-47C4-A269-E434AD76A532}.Release|Any CPU.ActiveCfg = Release|Any CPU
		{FE640B18-2E46-47C4-A269-E434AD76A532}.Release|Any CPU.Build.0 = Release|Any CPU
		{FE640B18-2E46-47C4-A269-E434AD76A532}.Release|ARM.ActiveCfg = Release|Any CPU
		{FE640B18-2E46-47C4-A269-E434AD76A532}.Release|ARM.Build.0 = Release|Any CPU
		{FE640B18-2E46-47C4-A269-E434AD76A532}.Release|Mixed Platforms.ActiveCfg = Release|Any CPU
		{FE640B18-2E46-47C4-A269-E434AD76A532}.Release|Mixed Platforms.Build.0 = Release|Any CPU
		{FE640B18-2E46-47C4-A269-E434AD76A532}.Release|Win32.ActiveCfg = Release|Any CPU
		{FE640B18-2E46-47C4-A269-E434AD76A532}.Release|Win32.Build.0 = Release|Any CPU
		{FE640B18-2E46-47C4-A269-E434AD76A532}.Release|x64.ActiveCfg = Release|Any CPU
		{FE640B18-2E46-47C4-A269-E434AD76A532}.Release|x64.Build.0 = Release|Any CPU
		{FE640B18-2E46-47C4-A269-E434AD76A532}.Release|x86.ActiveCfg = Release|Any CPU
		{FE640B18-2E46-47C4-A269-E434AD76A532}.Release|x86.Build.0 = Release|Any CPU
		{D5012EFA-4405-4CA0-B891-731CAF78AA25}.Debug|Any CPU.ActiveCfg = Debug|Any CPU
		{D5012EFA-4405-4CA0-B891-731CAF78AA25}.Debug|Any CPU.Build.0 = Debug|Any CPU
		{D5012EFA-4405-4CA0-B891-731CAF78AA25}.Debug|ARM.ActiveCfg = Debug|Any CPU
		{D5012EFA-4405-4CA0-B891-731CAF78AA25}.Debug|ARM.Build.0 = Debug|Any CPU
		{D5012EFA-4405-4CA0-B891-731CAF78AA25}.Debug|Mixed Platforms.ActiveCfg = Debug|Any CPU
		{D5012EFA-4405-4CA0-B891-731CAF78AA25}.Debug|Mixed Platforms.Build.0 = Debug|Any CPU
		{D5012EFA-4405-4CA0-B891-731CAF78AA25}.Debug|Win32.ActiveCfg = Debug|Any CPU
		{D5012EFA-4405-4CA0-B891-731CAF78AA25}.Debug|Win32.Build.0 = Debug|Any CPU
		{D5012EFA-4405-4CA0-B891-731CAF78AA25}.Debug|x64.ActiveCfg = Debug|Any CPU
		{D5012EFA-4405-4CA0-B891-731CAF78AA25}.Debug|x64.Build.0 = Debug|Any CPU
		{D5012EFA-4405-4CA0-B891-731CAF78AA25}.Debug|x86.ActiveCfg = Debug|Any CPU
		{D5012EFA-4405-4CA0-B891-731CAF78AA25}.Debug|x86.Build.0 = Debug|Any CPU
		{D5012EFA-4405-4CA0-B891-731CAF78AA25}.Release|Any CPU.ActiveCfg = Release|Any CPU
		{D5012EFA-4405-4CA0-B891-731CAF78AA25}.Release|Any CPU.Build.0 = Release|Any CPU
		{D5012EFA-4405-4CA0-B891-731CAF78AA25}.Release|ARM.ActiveCfg = Release|Any CPU
		{D5012EFA-4405-4CA0-B891-731CAF78AA25}.Release|ARM.Build.0 = Release|Any CPU
		{D5012EFA-4405-4CA0-B891-731CAF78AA25}.Release|Mixed Platforms.ActiveCfg = Release|Any CPU
		{D5012EFA-4405-4CA0-B891-731CAF78AA25}.Release|Mixed Platforms.Build.0 = Release|Any CPU
		{D5012EFA-4405-4CA0-B891-731CAF78AA25}.Release|Win32.ActiveCfg = Release|Any CPU
		{D5012EFA-4405-4CA0-B891-731CAF78AA25}.Release|Win32.Build.0 = Release|Any CPU
		{D5012EFA-4405-4CA0-B891-731CAF78AA25}.Release|x64.ActiveCfg = Release|Any CPU
		{D5012EFA-4405-4CA0-B891-731CAF78AA25}.Release|x64.Build.0 = Release|Any CPU
		{D5012EFA-4405-4CA0-B891-731CAF78AA25}.Release|x86.ActiveCfg = Release|Any CPU
		{D5012EFA-4405-4CA0-B891-731CAF78AA25}.Release|x86.Build.0 = Release|Any CPU
		{675756D4-3D4C-4DF3-A29A-D53B4DAC32F7}.Debug|Any CPU.ActiveCfg = Debug|Any CPU
		{675756D4-3D4C-4DF3-A29A-D53B4DAC32F7}.Debug|Any CPU.Build.0 = Debug|Any CPU
		{675756D4-3D4C-4DF3-A29A-D53B4DAC32F7}.Debug|ARM.ActiveCfg = Debug|Any CPU
		{675756D4-3D4C-4DF3-A29A-D53B4DAC32F7}.Debug|ARM.Build.0 = Debug|Any CPU
		{675756D4-3D4C-4DF3-A29A-D53B4DAC32F7}.Debug|Mixed Platforms.ActiveCfg = Debug|Any CPU
		{675756D4-3D4C-4DF3-A29A-D53B4DAC32F7}.Debug|Mixed Platforms.Build.0 = Debug|Any CPU
		{675756D4-3D4C-4DF3-A29A-D53B4DAC32F7}.Debug|Win32.ActiveCfg = Debug|Any CPU
		{675756D4-3D4C-4DF3-A29A-D53B4DAC32F7}.Debug|Win32.Build.0 = Debug|Any CPU
		{675756D4-3D4C-4DF3-A29A-D53B4DAC32F7}.Debug|x64.ActiveCfg = Debug|Any CPU
		{675756D4-3D4C-4DF3-A29A-D53B4DAC32F7}.Debug|x64.Build.0 = Debug|Any CPU
		{675756D4-3D4C-4DF3-A29A-D53B4DAC32F7}.Debug|x86.ActiveCfg = Debug|Any CPU
		{675756D4-3D4C-4DF3-A29A-D53B4DAC32F7}.Debug|x86.Build.0 = Debug|Any CPU
		{675756D4-3D4C-4DF3-A29A-D53B4DAC32F7}.Release|Any CPU.ActiveCfg = Release|Any CPU
		{675756D4-3D4C-4DF3-A29A-D53B4DAC32F7}.Release|Any CPU.Build.0 = Release|Any CPU
		{675756D4-3D4C-4DF3-A29A-D53B4DAC32F7}.Release|ARM.ActiveCfg = Release|Any CPU
		{675756D4-3D4C-4DF3-A29A-D53B4DAC32F7}.Release|ARM.Build.0 = Release|Any CPU
		{675756D4-3D4C-4DF3-A29A-D53B4DAC32F7}.Release|Mixed Platforms.ActiveCfg = Release|Any CPU
		{675756D4-3D4C-4DF3-A29A-D53B4DAC32F7}.Release|Mixed Platforms.Build.0 = Release|Any CPU
		{675756D4-3D4C-4DF3-A29A-D53B4DAC32F7}.Release|Win32.ActiveCfg = Release|Any CPU
		{675756D4-3D4C-4DF3-A29A-D53B4DAC32F7}.Release|Win32.Build.0 = Release|Any CPU
		{675756D4-3D4C-4DF3-A29A-D53B4DAC32F7}.Release|x64.ActiveCfg = Release|Any CPU
		{675756D4-3D4C-4DF3-A29A-D53B4DAC32F7}.Release|x64.Build.0 = Release|Any CPU
		{675756D4-3D4C-4DF3-A29A-D53B4DAC32F7}.Release|x86.ActiveCfg = Release|Any CPU
		{675756D4-3D4C-4DF3-A29A-D53B4DAC32F7}.Release|x86.Build.0 = Release|Any CPU
		{81406AD1-631A-463E-9605-46C3F17DD6F8}.Debug|Any CPU.ActiveCfg = Debug|Any CPU
		{81406AD1-631A-463E-9605-46C3F17DD6F8}.Debug|Any CPU.Build.0 = Debug|Any CPU
		{81406AD1-631A-463E-9605-46C3F17DD6F8}.Debug|ARM.ActiveCfg = Debug|Any CPU
		{81406AD1-631A-463E-9605-46C3F17DD6F8}.Debug|ARM.Build.0 = Debug|Any CPU
		{81406AD1-631A-463E-9605-46C3F17DD6F8}.Debug|Mixed Platforms.ActiveCfg = Debug|Any CPU
		{81406AD1-631A-463E-9605-46C3F17DD6F8}.Debug|Mixed Platforms.Build.0 = Debug|Any CPU
		{81406AD1-631A-463E-9605-46C3F17DD6F8}.Debug|Win32.ActiveCfg = Debug|Any CPU
		{81406AD1-631A-463E-9605-46C3F17DD6F8}.Debug|Win32.Build.0 = Debug|Any CPU
		{81406AD1-631A-463E-9605-46C3F17DD6F8}.Debug|x64.ActiveCfg = Debug|Any CPU
		{81406AD1-631A-463E-9605-46C3F17DD6F8}.Debug|x64.Build.0 = Debug|Any CPU
		{81406AD1-631A-463E-9605-46C3F17DD6F8}.Debug|x86.ActiveCfg = Debug|Any CPU
		{81406AD1-631A-463E-9605-46C3F17DD6F8}.Debug|x86.Build.0 = Debug|Any CPU
		{81406AD1-631A-463E-9605-46C3F17DD6F8}.Release|Any CPU.ActiveCfg = Release|Any CPU
		{81406AD1-631A-463E-9605-46C3F17DD6F8}.Release|Any CPU.Build.0 = Release|Any CPU
		{81406AD1-631A-463E-9605-46C3F17DD6F8}.Release|ARM.ActiveCfg = Release|Any CPU
		{81406AD1-631A-463E-9605-46C3F17DD6F8}.Release|ARM.Build.0 = Release|Any CPU
		{81406AD1-631A-463E-9605-46C3F17DD6F8}.Release|Mixed Platforms.ActiveCfg = Release|Any CPU
		{81406AD1-631A-463E-9605-46C3F17DD6F8}.Release|Mixed Platforms.Build.0 = Release|Any CPU
		{81406AD1-631A-463E-9605-46C3F17DD6F8}.Release|Win32.ActiveCfg = Release|Any CPU
		{81406AD1-631A-463E-9605-46C3F17DD6F8}.Release|Win32.Build.0 = Release|Any CPU
		{81406AD1-631A-463E-9605-46C3F17DD6F8}.Release|x64.ActiveCfg = Release|Any CPU
		{81406AD1-631A-463E-9605-46C3F17DD6F8}.Release|x64.Build.0 = Release|Any CPU
		{81406AD1-631A-463E-9605-46C3F17DD6F8}.Release|x86.ActiveCfg = Release|Any CPU
		{81406AD1-631A-463E-9605-46C3F17DD6F8}.Release|x86.Build.0 = Release|Any CPU
		{0451C676-A114-4088-A997-87136152F69F}.Debug|Any CPU.ActiveCfg = Debug|Any CPU
		{0451C676-A114-4088-A997-87136152F69F}.Debug|Any CPU.Build.0 = Debug|Any CPU
		{0451C676-A114-4088-A997-87136152F69F}.Debug|ARM.ActiveCfg = Debug|Any CPU
		{0451C676-A114-4088-A997-87136152F69F}.Debug|ARM.Build.0 = Debug|Any CPU
		{0451C676-A114-4088-A997-87136152F69F}.Debug|Mixed Platforms.ActiveCfg = Debug|Any CPU
		{0451C676-A114-4088-A997-87136152F69F}.Debug|Mixed Platforms.Build.0 = Debug|Any CPU
		{0451C676-A114-4088-A997-87136152F69F}.Debug|Win32.ActiveCfg = Debug|Any CPU
		{0451C676-A114-4088-A997-87136152F69F}.Debug|Win32.Build.0 = Debug|Any CPU
		{0451C676-A114-4088-A997-87136152F69F}.Debug|x64.ActiveCfg = Debug|Any CPU
		{0451C676-A114-4088-A997-87136152F69F}.Debug|x64.Build.0 = Debug|Any CPU
		{0451C676-A114-4088-A997-87136152F69F}.Debug|x86.ActiveCfg = Debug|Any CPU
		{0451C676-A114-4088-A997-87136152F69F}.Debug|x86.Build.0 = Debug|Any CPU
		{0451C676-A114-4088-A997-87136152F69F}.Release|Any CPU.ActiveCfg = Release|Any CPU
		{0451C676-A114-4088-A997-87136152F69F}.Release|Any CPU.Build.0 = Release|Any CPU
		{0451C676-A114-4088-A997-87136152F69F}.Release|ARM.ActiveCfg = Release|Any CPU
		{0451C676-A114-4088-A997-87136152F69F}.Release|ARM.Build.0 = Release|Any CPU
		{0451C676-A114-4088-A997-87136152F69F}.Release|Mixed Platforms.ActiveCfg = Release|Any CPU
		{0451C676-A114-4088-A997-87136152F69F}.Release|Mixed Platforms.Build.0 = Release|Any CPU
		{0451C676-A114-4088-A997-87136152F69F}.Release|Win32.ActiveCfg = Release|Any CPU
		{0451C676-A114-4088-A997-87136152F69F}.Release|Win32.Build.0 = Release|Any CPU
		{0451C676-A114-4088-A997-87136152F69F}.Release|x64.ActiveCfg = Release|Any CPU
		{0451C676-A114-4088-A997-87136152F69F}.Release|x64.Build.0 = Release|Any CPU
		{0451C676-A114-4088-A997-87136152F69F}.Release|x86.ActiveCfg = Release|Any CPU
		{0451C676-A114-4088-A997-87136152F69F}.Release|x86.Build.0 = Release|Any CPU
		{D11FD3CC-5A6E-4126-A197-65F6463155AF}.Debug|Any CPU.ActiveCfg = Debug|Any CPU
		{D11FD3CC-5A6E-4126-A197-65F6463155AF}.Debug|Any CPU.Build.0 = Debug|Any CPU
		{D11FD3CC-5A6E-4126-A197-65F6463155AF}.Debug|ARM.ActiveCfg = Debug|Any CPU
		{D11FD3CC-5A6E-4126-A197-65F6463155AF}.Debug|ARM.Build.0 = Debug|Any CPU
		{D11FD3CC-5A6E-4126-A197-65F6463155AF}.Debug|Mixed Platforms.ActiveCfg = Debug|Any CPU
		{D11FD3CC-5A6E-4126-A197-65F6463155AF}.Debug|Mixed Platforms.Build.0 = Debug|Any CPU
		{D11FD3CC-5A6E-4126-A197-65F6463155AF}.Debug|Win32.ActiveCfg = Debug|Any CPU
		{D11FD3CC-5A6E-4126-A197-65F6463155AF}.Debug|Win32.Build.0 = Debug|Any CPU
		{D11FD3CC-5A6E-4126-A197-65F6463155AF}.Debug|x64.ActiveCfg = Debug|Any CPU
		{D11FD3CC-5A6E-4126-A197-65F6463155AF}.Debug|x64.Build.0 = Debug|Any CPU
		{D11FD3CC-5A6E-4126-A197-65F6463155AF}.Debug|x86.ActiveCfg = Debug|Any CPU
		{D11FD3CC-5A6E-4126-A197-65F6463155AF}.Debug|x86.Build.0 = Debug|Any CPU
		{D11FD3CC-5A6E-4126-A197-65F6463155AF}.Release|Any CPU.ActiveCfg = Release|Any CPU
		{D11FD3CC-5A6E-4126-A197-65F6463155AF}.Release|Any CPU.Build.0 = Release|Any CPU
		{D11FD3CC-5A6E-4126-A197-65F6463155AF}.Release|ARM.ActiveCfg = Release|Any CPU
		{D11FD3CC-5A6E-4126-A197-65F6463155AF}.Release|ARM.Build.0 = Release|Any CPU
		{D11FD3CC-5A6E-4126-A197-65F6463155AF}.Release|Mixed Platforms.ActiveCfg = Release|Any CPU
		{D11FD3CC-5A6E-4126-A197-65F6463155AF}.Release|Mixed Platforms.Build.0 = Release|Any CPU
		{D11FD3CC-5A6E-4126-A197-65F6463155AF}.Release|Win32.ActiveCfg = Release|Any CPU
		{D11FD3CC-5A6E-4126-A197-65F6463155AF}.Release|Win32.Build.0 = Release|Any CPU
		{D11FD3CC-5A6E-4126-A197-65F6463155AF}.Release|x64.ActiveCfg = Release|Any CPU
		{D11FD3CC-5A6E-4126-A197-65F6463155AF}.Release|x64.Build.0 = Release|Any CPU
		{D11FD3CC-5A6E-4126-A197-65F6463155AF}.Release|x86.ActiveCfg = Release|Any CPU
		{D11FD3CC-5A6E-4126-A197-65F6463155AF}.Release|x86.Build.0 = Release|Any CPU
		{443E6751-17FE-4FEE-9701-B38519662772}.Debug|Any CPU.ActiveCfg = Debug|Any CPU
		{443E6751-17FE-4FEE-9701-B38519662772}.Debug|Any CPU.Build.0 = Debug|Any CPU
		{443E6751-17FE-4FEE-9701-B38519662772}.Debug|ARM.ActiveCfg = Debug|Any CPU
		{443E6751-17FE-4FEE-9701-B38519662772}.Debug|ARM.Build.0 = Debug|Any CPU
		{443E6751-17FE-4FEE-9701-B38519662772}.Debug|Mixed Platforms.ActiveCfg = Debug|Any CPU
		{443E6751-17FE-4FEE-9701-B38519662772}.Debug|Mixed Platforms.Build.0 = Debug|Any CPU
		{443E6751-17FE-4FEE-9701-B38519662772}.Debug|Win32.ActiveCfg = Debug|Any CPU
		{443E6751-17FE-4FEE-9701-B38519662772}.Debug|Win32.Build.0 = Debug|Any CPU
		{443E6751-17FE-4FEE-9701-B38519662772}.Debug|x64.ActiveCfg = Debug|Any CPU
		{443E6751-17FE-4FEE-9701-B38519662772}.Debug|x64.Build.0 = Debug|Any CPU
		{443E6751-17FE-4FEE-9701-B38519662772}.Debug|x86.ActiveCfg = Debug|Any CPU
		{443E6751-17FE-4FEE-9701-B38519662772}.Debug|x86.Build.0 = Debug|Any CPU
		{443E6751-17FE-4FEE-9701-B38519662772}.Release|Any CPU.ActiveCfg = Release|Any CPU
		{443E6751-17FE-4FEE-9701-B38519662772}.Release|Any CPU.Build.0 = Release|Any CPU
		{443E6751-17FE-4FEE-9701-B38519662772}.Release|ARM.ActiveCfg = Release|Any CPU
		{443E6751-17FE-4FEE-9701-B38519662772}.Release|ARM.Build.0 = Release|Any CPU
		{443E6751-17FE-4FEE-9701-B38519662772}.Release|Mixed Platforms.ActiveCfg = Release|Any CPU
		{443E6751-17FE-4FEE-9701-B38519662772}.Release|Mixed Platforms.Build.0 = Release|Any CPU
		{443E6751-17FE-4FEE-9701-B38519662772}.Release|Win32.ActiveCfg = Release|Any CPU
		{443E6751-17FE-4FEE-9701-B38519662772}.Release|Win32.Build.0 = Release|Any CPU
		{443E6751-17FE-4FEE-9701-B38519662772}.Release|x64.ActiveCfg = Release|Any CPU
		{443E6751-17FE-4FEE-9701-B38519662772}.Release|x64.Build.0 = Release|Any CPU
		{443E6751-17FE-4FEE-9701-B38519662772}.Release|x86.ActiveCfg = Release|Any CPU
		{443E6751-17FE-4FEE-9701-B38519662772}.Release|x86.Build.0 = Release|Any CPU
		{55A0607A-0134-434B-B578-4E0CB3E0660F}.Debug|Any CPU.ActiveCfg = Debug|Any CPU
		{55A0607A-0134-434B-B578-4E0CB3E0660F}.Debug|Any CPU.Build.0 = Debug|Any CPU
		{55A0607A-0134-434B-B578-4E0CB3E0660F}.Debug|ARM.ActiveCfg = Debug|Any CPU
		{55A0607A-0134-434B-B578-4E0CB3E0660F}.Debug|ARM.Build.0 = Debug|Any CPU
		{55A0607A-0134-434B-B578-4E0CB3E0660F}.Debug|Mixed Platforms.ActiveCfg = Debug|Any CPU
		{55A0607A-0134-434B-B578-4E0CB3E0660F}.Debug|Mixed Platforms.Build.0 = Debug|Any CPU
		{55A0607A-0134-434B-B578-4E0CB3E0660F}.Debug|Win32.ActiveCfg = Debug|Any CPU
		{55A0607A-0134-434B-B578-4E0CB3E0660F}.Debug|Win32.Build.0 = Debug|Any CPU
		{55A0607A-0134-434B-B578-4E0CB3E0660F}.Debug|x64.ActiveCfg = Debug|Any CPU
		{55A0607A-0134-434B-B578-4E0CB3E0660F}.Debug|x64.Build.0 = Debug|Any CPU
		{55A0607A-0134-434B-B578-4E0CB3E0660F}.Debug|x86.ActiveCfg = Debug|Any CPU
		{55A0607A-0134-434B-B578-4E0CB3E0660F}.Debug|x86.Build.0 = Debug|Any CPU
		{55A0607A-0134-434B-B578-4E0CB3E0660F}.Release|Any CPU.ActiveCfg = Release|Any CPU
		{55A0607A-0134-434B-B578-4E0CB3E0660F}.Release|Any CPU.Build.0 = Release|Any CPU
		{55A0607A-0134-434B-B578-4E0CB3E0660F}.Release|ARM.ActiveCfg = Release|Any CPU
		{55A0607A-0134-434B-B578-4E0CB3E0660F}.Release|ARM.Build.0 = Release|Any CPU
		{55A0607A-0134-434B-B578-4E0CB3E0660F}.Release|Mixed Platforms.ActiveCfg = Release|Any CPU
		{55A0607A-0134-434B-B578-4E0CB3E0660F}.Release|Mixed Platforms.Build.0 = Release|Any CPU
		{55A0607A-0134-434B-B578-4E0CB3E0660F}.Release|Win32.ActiveCfg = Release|Any CPU
		{55A0607A-0134-434B-B578-4E0CB3E0660F}.Release|Win32.Build.0 = Release|Any CPU
		{55A0607A-0134-434B-B578-4E0CB3E0660F}.Release|x64.ActiveCfg = Release|Any CPU
		{55A0607A-0134-434B-B578-4E0CB3E0660F}.Release|x64.Build.0 = Release|Any CPU
		{55A0607A-0134-434B-B578-4E0CB3E0660F}.Release|x86.ActiveCfg = Release|Any CPU
		{55A0607A-0134-434B-B578-4E0CB3E0660F}.Release|x86.Build.0 = Release|Any CPU
		{6FEC8233-7ECB-46E2-A576-DD73692F8BFB}.Debug|Any CPU.ActiveCfg = Debug|Any CPU
		{6FEC8233-7ECB-46E2-A576-DD73692F8BFB}.Debug|Any CPU.Build.0 = Debug|Any CPU
		{6FEC8233-7ECB-46E2-A576-DD73692F8BFB}.Debug|ARM.ActiveCfg = Debug|Any CPU
		{6FEC8233-7ECB-46E2-A576-DD73692F8BFB}.Debug|ARM.Build.0 = Debug|Any CPU
		{6FEC8233-7ECB-46E2-A576-DD73692F8BFB}.Debug|Mixed Platforms.ActiveCfg = Debug|Any CPU
		{6FEC8233-7ECB-46E2-A576-DD73692F8BFB}.Debug|Mixed Platforms.Build.0 = Debug|Any CPU
		{6FEC8233-7ECB-46E2-A576-DD73692F8BFB}.Debug|Win32.ActiveCfg = Debug|Any CPU
		{6FEC8233-7ECB-46E2-A576-DD73692F8BFB}.Debug|Win32.Build.0 = Debug|Any CPU
		{6FEC8233-7ECB-46E2-A576-DD73692F8BFB}.Debug|x64.ActiveCfg = Debug|Any CPU
		{6FEC8233-7ECB-46E2-A576-DD73692F8BFB}.Debug|x64.Build.0 = Debug|Any CPU
		{6FEC8233-7ECB-46E2-A576-DD73692F8BFB}.Debug|x86.ActiveCfg = Debug|Any CPU
		{6FEC8233-7ECB-46E2-A576-DD73692F8BFB}.Debug|x86.Build.0 = Debug|Any CPU
		{6FEC8233-7ECB-46E2-A576-DD73692F8BFB}.Release|Any CPU.ActiveCfg = Release|Any CPU
		{6FEC8233-7ECB-46E2-A576-DD73692F8BFB}.Release|Any CPU.Build.0 = Release|Any CPU
		{6FEC8233-7ECB-46E2-A576-DD73692F8BFB}.Release|ARM.ActiveCfg = Release|Any CPU
		{6FEC8233-7ECB-46E2-A576-DD73692F8BFB}.Release|ARM.Build.0 = Release|Any CPU
		{6FEC8233-7ECB-46E2-A576-DD73692F8BFB}.Release|Mixed Platforms.ActiveCfg = Release|Any CPU
		{6FEC8233-7ECB-46E2-A576-DD73692F8BFB}.Release|Mixed Platforms.Build.0 = Release|Any CPU
		{6FEC8233-7ECB-46E2-A576-DD73692F8BFB}.Release|Win32.ActiveCfg = Release|Any CPU
		{6FEC8233-7ECB-46E2-A576-DD73692F8BFB}.Release|Win32.Build.0 = Release|Any CPU
		{6FEC8233-7ECB-46E2-A576-DD73692F8BFB}.Release|x64.ActiveCfg = Release|Any CPU
		{6FEC8233-7ECB-46E2-A576-DD73692F8BFB}.Release|x64.Build.0 = Release|Any CPU
		{6FEC8233-7ECB-46E2-A576-DD73692F8BFB}.Release|x86.ActiveCfg = Release|Any CPU
		{6FEC8233-7ECB-46E2-A576-DD73692F8BFB}.Release|x86.Build.0 = Release|Any CPU
		{61556B6D-CDE8-4596-AFFD-8C19132F58A2}.Debug|Any CPU.ActiveCfg = Debug|Any CPU
		{61556B6D-CDE8-4596-AFFD-8C19132F58A2}.Debug|Any CPU.Build.0 = Debug|Any CPU
		{61556B6D-CDE8-4596-AFFD-8C19132F58A2}.Debug|ARM.ActiveCfg = Debug|Any CPU
		{61556B6D-CDE8-4596-AFFD-8C19132F58A2}.Debug|ARM.Build.0 = Debug|Any CPU
		{61556B6D-CDE8-4596-AFFD-8C19132F58A2}.Debug|Mixed Platforms.ActiveCfg = Debug|Any CPU
		{61556B6D-CDE8-4596-AFFD-8C19132F58A2}.Debug|Mixed Platforms.Build.0 = Debug|Any CPU
		{61556B6D-CDE8-4596-AFFD-8C19132F58A2}.Debug|Win32.ActiveCfg = Debug|Any CPU
		{61556B6D-CDE8-4596-AFFD-8C19132F58A2}.Debug|Win32.Build.0 = Debug|Any CPU
		{61556B6D-CDE8-4596-AFFD-8C19132F58A2}.Debug|x64.ActiveCfg = Debug|Any CPU
		{61556B6D-CDE8-4596-AFFD-8C19132F58A2}.Debug|x64.Build.0 = Debug|Any CPU
		{61556B6D-CDE8-4596-AFFD-8C19132F58A2}.Debug|x86.ActiveCfg = Debug|Any CPU
		{61556B6D-CDE8-4596-AFFD-8C19132F58A2}.Debug|x86.Build.0 = Debug|Any CPU
		{61556B6D-CDE8-4596-AFFD-8C19132F58A2}.Release|Any CPU.ActiveCfg = Release|Any CPU
		{61556B6D-CDE8-4596-AFFD-8C19132F58A2}.Release|Any CPU.Build.0 = Release|Any CPU
		{61556B6D-CDE8-4596-AFFD-8C19132F58A2}.Release|ARM.ActiveCfg = Release|Any CPU
		{61556B6D-CDE8-4596-AFFD-8C19132F58A2}.Release|ARM.Build.0 = Release|Any CPU
		{61556B6D-CDE8-4596-AFFD-8C19132F58A2}.Release|Mixed Platforms.ActiveCfg = Release|Any CPU
		{61556B6D-CDE8-4596-AFFD-8C19132F58A2}.Release|Mixed Platforms.Build.0 = Release|Any CPU
		{61556B6D-CDE8-4596-AFFD-8C19132F58A2}.Release|Win32.ActiveCfg = Release|Any CPU
		{61556B6D-CDE8-4596-AFFD-8C19132F58A2}.Release|Win32.Build.0 = Release|Any CPU
		{61556B6D-CDE8-4596-AFFD-8C19132F58A2}.Release|x64.ActiveCfg = Release|Any CPU
		{61556B6D-CDE8-4596-AFFD-8C19132F58A2}.Release|x64.Build.0 = Release|Any CPU
		{61556B6D-CDE8-4596-AFFD-8C19132F58A2}.Release|x86.ActiveCfg = Release|Any CPU
		{61556B6D-CDE8-4596-AFFD-8C19132F58A2}.Release|x86.Build.0 = Release|Any CPU
		{5390D103-CC38-4C0E-A9FF-E2EB48A0833E}.Debug|Any CPU.ActiveCfg = Debug|Any CPU
		{5390D103-CC38-4C0E-A9FF-E2EB48A0833E}.Debug|Any CPU.Build.0 = Debug|Any CPU
		{5390D103-CC38-4C0E-A9FF-E2EB48A0833E}.Debug|ARM.ActiveCfg = Debug|Any CPU
		{5390D103-CC38-4C0E-A9FF-E2EB48A0833E}.Debug|ARM.Build.0 = Debug|Any CPU
		{5390D103-CC38-4C0E-A9FF-E2EB48A0833E}.Debug|Mixed Platforms.ActiveCfg = Debug|Any CPU
		{5390D103-CC38-4C0E-A9FF-E2EB48A0833E}.Debug|Mixed Platforms.Build.0 = Debug|Any CPU
		{5390D103-CC38-4C0E-A9FF-E2EB48A0833E}.Debug|Win32.ActiveCfg = Debug|Any CPU
		{5390D103-CC38-4C0E-A9FF-E2EB48A0833E}.Debug|Win32.Build.0 = Debug|Any CPU
		{5390D103-CC38-4C0E-A9FF-E2EB48A0833E}.Debug|x64.ActiveCfg = Debug|Any CPU
		{5390D103-CC38-4C0E-A9FF-E2EB48A0833E}.Debug|x64.Build.0 = Debug|Any CPU
		{5390D103-CC38-4C0E-A9FF-E2EB48A0833E}.Debug|x86.ActiveCfg = Debug|Any CPU
		{5390D103-CC38-4C0E-A9FF-E2EB48A0833E}.Debug|x86.Build.0 = Debug|Any CPU
		{5390D103-CC38-4C0E-A9FF-E2EB48A0833E}.Release|Any CPU.ActiveCfg = Release|Any CPU
		{5390D103-CC38-4C0E-A9FF-E2EB48A0833E}.Release|Any CPU.Build.0 = Release|Any CPU
		{5390D103-CC38-4C0E-A9FF-E2EB48A0833E}.Release|ARM.ActiveCfg = Release|Any CPU
		{5390D103-CC38-4C0E-A9FF-E2EB48A0833E}.Release|ARM.Build.0 = Release|Any CPU
		{5390D103-CC38-4C0E-A9FF-E2EB48A0833E}.Release|Mixed Platforms.ActiveCfg = Release|Any CPU
		{5390D103-CC38-4C0E-A9FF-E2EB48A0833E}.Release|Mixed Platforms.Build.0 = Release|Any CPU
		{5390D103-CC38-4C0E-A9FF-E2EB48A0833E}.Release|Win32.ActiveCfg = Release|Any CPU
		{5390D103-CC38-4C0E-A9FF-E2EB48A0833E}.Release|Win32.Build.0 = Release|Any CPU
		{5390D103-CC38-4C0E-A9FF-E2EB48A0833E}.Release|x64.ActiveCfg = Release|Any CPU
		{5390D103-CC38-4C0E-A9FF-E2EB48A0833E}.Release|x64.Build.0 = Release|Any CPU
		{5390D103-CC38-4C0E-A9FF-E2EB48A0833E}.Release|x86.ActiveCfg = Release|Any CPU
		{5390D103-CC38-4C0E-A9FF-E2EB48A0833E}.Release|x86.Build.0 = Release|Any CPU
		{2819FCFA-B788-456F-963A-83C443E5AF6E}.Debug|Any CPU.ActiveCfg = Debug|Any CPU
		{2819FCFA-B788-456F-963A-83C443E5AF6E}.Debug|Any CPU.Build.0 = Debug|Any CPU
		{2819FCFA-B788-456F-963A-83C443E5AF6E}.Debug|ARM.ActiveCfg = Debug|Any CPU
		{2819FCFA-B788-456F-963A-83C443E5AF6E}.Debug|ARM.Build.0 = Debug|Any CPU
		{2819FCFA-B788-456F-963A-83C443E5AF6E}.Debug|Mixed Platforms.ActiveCfg = Debug|Any CPU
		{2819FCFA-B788-456F-963A-83C443E5AF6E}.Debug|Mixed Platforms.Build.0 = Debug|Any CPU
		{2819FCFA-B788-456F-963A-83C443E5AF6E}.Debug|Win32.ActiveCfg = Debug|Any CPU
		{2819FCFA-B788-456F-963A-83C443E5AF6E}.Debug|Win32.Build.0 = Debug|Any CPU
		{2819FCFA-B788-456F-963A-83C443E5AF6E}.Debug|x64.ActiveCfg = Debug|Any CPU
		{2819FCFA-B788-456F-963A-83C443E5AF6E}.Debug|x64.Build.0 = Debug|Any CPU
		{2819FCFA-B788-456F-963A-83C443E5AF6E}.Debug|x86.ActiveCfg = Debug|Any CPU
		{2819FCFA-B788-456F-963A-83C443E5AF6E}.Debug|x86.Build.0 = Debug|Any CPU
		{2819FCFA-B788-456F-963A-83C443E5AF6E}.Release|Any CPU.ActiveCfg = Release|Any CPU
		{2819FCFA-B788-456F-963A-83C443E5AF6E}.Release|Any CPU.Build.0 = Release|Any CPU
		{2819FCFA-B788-456F-963A-83C443E5AF6E}.Release|ARM.ActiveCfg = Release|Any CPU
		{2819FCFA-B788-456F-963A-83C443E5AF6E}.Release|ARM.Build.0 = Release|Any CPU
		{2819FCFA-B788-456F-963A-83C443E5AF6E}.Release|Mixed Platforms.ActiveCfg = Release|Any CPU
		{2819FCFA-B788-456F-963A-83C443E5AF6E}.Release|Mixed Platforms.Build.0 = Release|Any CPU
		{2819FCFA-B788-456F-963A-83C443E5AF6E}.Release|Win32.ActiveCfg = Release|Any CPU
		{2819FCFA-B788-456F-963A-83C443E5AF6E}.Release|Win32.Build.0 = Release|Any CPU
		{2819FCFA-B788-456F-963A-83C443E5AF6E}.Release|x64.ActiveCfg = Release|Any CPU
		{2819FCFA-B788-456F-963A-83C443E5AF6E}.Release|x64.Build.0 = Release|Any CPU
		{2819FCFA-B788-456F-963A-83C443E5AF6E}.Release|x86.ActiveCfg = Release|Any CPU
		{2819FCFA-B788-456F-963A-83C443E5AF6E}.Release|x86.Build.0 = Release|Any CPU
		{940BF215-9991-400A-A3AD-F65476556832}.Debug|Any CPU.ActiveCfg = Debug|Any CPU
		{940BF215-9991-400A-A3AD-F65476556832}.Debug|Any CPU.Build.0 = Debug|Any CPU
		{940BF215-9991-400A-A3AD-F65476556832}.Debug|ARM.ActiveCfg = Debug|Any CPU
		{940BF215-9991-400A-A3AD-F65476556832}.Debug|ARM.Build.0 = Debug|Any CPU
		{940BF215-9991-400A-A3AD-F65476556832}.Debug|Mixed Platforms.ActiveCfg = Debug|Any CPU
		{940BF215-9991-400A-A3AD-F65476556832}.Debug|Mixed Platforms.Build.0 = Debug|Any CPU
		{940BF215-9991-400A-A3AD-F65476556832}.Debug|Win32.ActiveCfg = Debug|Any CPU
		{940BF215-9991-400A-A3AD-F65476556832}.Debug|Win32.Build.0 = Debug|Any CPU
		{940BF215-9991-400A-A3AD-F65476556832}.Debug|x64.ActiveCfg = Debug|Any CPU
		{940BF215-9991-400A-A3AD-F65476556832}.Debug|x64.Build.0 = Debug|Any CPU
		{940BF215-9991-400A-A3AD-F65476556832}.Debug|x86.ActiveCfg = Debug|Any CPU
		{940BF215-9991-400A-A3AD-F65476556832}.Debug|x86.Build.0 = Debug|Any CPU
		{940BF215-9991-400A-A3AD-F65476556832}.Release|Any CPU.ActiveCfg = Release|Any CPU
		{940BF215-9991-400A-A3AD-F65476556832}.Release|Any CPU.Build.0 = Release|Any CPU
		{940BF215-9991-400A-A3AD-F65476556832}.Release|ARM.ActiveCfg = Release|Any CPU
		{940BF215-9991-400A-A3AD-F65476556832}.Release|ARM.Build.0 = Release|Any CPU
		{940BF215-9991-400A-A3AD-F65476556832}.Release|Mixed Platforms.ActiveCfg = Release|Any CPU
		{940BF215-9991-400A-A3AD-F65476556832}.Release|Mixed Platforms.Build.0 = Release|Any CPU
		{940BF215-9991-400A-A3AD-F65476556832}.Release|Win32.ActiveCfg = Release|Any CPU
		{940BF215-9991-400A-A3AD-F65476556832}.Release|Win32.Build.0 = Release|Any CPU
		{940BF215-9991-400A-A3AD-F65476556832}.Release|x64.ActiveCfg = Release|Any CPU
		{940BF215-9991-400A-A3AD-F65476556832}.Release|x64.Build.0 = Release|Any CPU
		{940BF215-9991-400A-A3AD-F65476556832}.Release|x86.ActiveCfg = Release|Any CPU
		{940BF215-9991-400A-A3AD-F65476556832}.Release|x86.Build.0 = Release|Any CPU
		{5A6055BC-BF86-4FDD-9F62-0109DB7A303B}.Debug|Any CPU.ActiveCfg = Debug|Any CPU
		{5A6055BC-BF86-4FDD-9F62-0109DB7A303B}.Debug|Any CPU.Build.0 = Debug|Any CPU
		{5A6055BC-BF86-4FDD-9F62-0109DB7A303B}.Debug|ARM.ActiveCfg = Debug|Any CPU
		{5A6055BC-BF86-4FDD-9F62-0109DB7A303B}.Debug|ARM.Build.0 = Debug|Any CPU
		{5A6055BC-BF86-4FDD-9F62-0109DB7A303B}.Debug|Mixed Platforms.ActiveCfg = Debug|Any CPU
		{5A6055BC-BF86-4FDD-9F62-0109DB7A303B}.Debug|Mixed Platforms.Build.0 = Debug|Any CPU
		{5A6055BC-BF86-4FDD-9F62-0109DB7A303B}.Debug|Win32.ActiveCfg = Debug|Any CPU
		{5A6055BC-BF86-4FDD-9F62-0109DB7A303B}.Debug|Win32.Build.0 = Debug|Any CPU
		{5A6055BC-BF86-4FDD-9F62-0109DB7A303B}.Debug|x64.ActiveCfg = Debug|Any CPU
		{5A6055BC-BF86-4FDD-9F62-0109DB7A303B}.Debug|x64.Build.0 = Debug|Any CPU
		{5A6055BC-BF86-4FDD-9F62-0109DB7A303B}.Debug|x86.ActiveCfg = Debug|Any CPU
		{5A6055BC-BF86-4FDD-9F62-0109DB7A303B}.Debug|x86.Build.0 = Debug|Any CPU
		{5A6055BC-BF86-4FDD-9F62-0109DB7A303B}.Release|Any CPU.ActiveCfg = Release|Any CPU
		{5A6055BC-BF86-4FDD-9F62-0109DB7A303B}.Release|Any CPU.Build.0 = Release|Any CPU
		{5A6055BC-BF86-4FDD-9F62-0109DB7A303B}.Release|ARM.ActiveCfg = Release|Any CPU
		{5A6055BC-BF86-4FDD-9F62-0109DB7A303B}.Release|ARM.Build.0 = Release|Any CPU
		{5A6055BC-BF86-4FDD-9F62-0109DB7A303B}.Release|Mixed Platforms.ActiveCfg = Release|Any CPU
		{5A6055BC-BF86-4FDD-9F62-0109DB7A303B}.Release|Mixed Platforms.Build.0 = Release|Any CPU
		{5A6055BC-BF86-4FDD-9F62-0109DB7A303B}.Release|Win32.ActiveCfg = Release|Any CPU
		{5A6055BC-BF86-4FDD-9F62-0109DB7A303B}.Release|Win32.Build.0 = Release|Any CPU
		{5A6055BC-BF86-4FDD-9F62-0109DB7A303B}.Release|x64.ActiveCfg = Release|Any CPU
		{5A6055BC-BF86-4FDD-9F62-0109DB7A303B}.Release|x64.Build.0 = Release|Any CPU
		{5A6055BC-BF86-4FDD-9F62-0109DB7A303B}.Release|x86.ActiveCfg = Release|Any CPU
		{5A6055BC-BF86-4FDD-9F62-0109DB7A303B}.Release|x86.Build.0 = Release|Any CPU
		{6F98A822-41B0-4C7A-85A6-E95C1D3E88EF}.Debug|Any CPU.ActiveCfg = Debug|Any CPU
		{6F98A822-41B0-4C7A-85A6-E95C1D3E88EF}.Debug|Any CPU.Build.0 = Debug|Any CPU
		{6F98A822-41B0-4C7A-85A6-E95C1D3E88EF}.Debug|ARM.ActiveCfg = Debug|Any CPU
		{6F98A822-41B0-4C7A-85A6-E95C1D3E88EF}.Debug|ARM.Build.0 = Debug|Any CPU
		{6F98A822-41B0-4C7A-85A6-E95C1D3E88EF}.Debug|Mixed Platforms.ActiveCfg = Debug|Any CPU
		{6F98A822-41B0-4C7A-85A6-E95C1D3E88EF}.Debug|Mixed Platforms.Build.0 = Debug|Any CPU
		{6F98A822-41B0-4C7A-85A6-E95C1D3E88EF}.Debug|Win32.ActiveCfg = Debug|Any CPU
		{6F98A822-41B0-4C7A-85A6-E95C1D3E88EF}.Debug|Win32.Build.0 = Debug|Any CPU
		{6F98A822-41B0-4C7A-85A6-E95C1D3E88EF}.Debug|x64.ActiveCfg = Debug|Any CPU
		{6F98A822-41B0-4C7A-85A6-E95C1D3E88EF}.Debug|x64.Build.0 = Debug|Any CPU
		{6F98A822-41B0-4C7A-85A6-E95C1D3E88EF}.Debug|x86.ActiveCfg = Debug|Any CPU
		{6F98A822-41B0-4C7A-85A6-E95C1D3E88EF}.Debug|x86.Build.0 = Debug|Any CPU
		{6F98A822-41B0-4C7A-85A6-E95C1D3E88EF}.Release|Any CPU.ActiveCfg = Release|Any CPU
		{6F98A822-41B0-4C7A-85A6-E95C1D3E88EF}.Release|Any CPU.Build.0 = Release|Any CPU
		{6F98A822-41B0-4C7A-85A6-E95C1D3E88EF}.Release|ARM.ActiveCfg = Release|Any CPU
		{6F98A822-41B0-4C7A-85A6-E95C1D3E88EF}.Release|ARM.Build.0 = Release|Any CPU
		{6F98A822-41B0-4C7A-85A6-E95C1D3E88EF}.Release|Mixed Platforms.ActiveCfg = Release|Any CPU
		{6F98A822-41B0-4C7A-85A6-E95C1D3E88EF}.Release|Mixed Platforms.Build.0 = Release|Any CPU
		{6F98A822-41B0-4C7A-85A6-E95C1D3E88EF}.Release|Win32.ActiveCfg = Release|Any CPU
		{6F98A822-41B0-4C7A-85A6-E95C1D3E88EF}.Release|Win32.Build.0 = Release|Any CPU
		{6F98A822-41B0-4C7A-85A6-E95C1D3E88EF}.Release|x64.ActiveCfg = Release|Any CPU
		{6F98A822-41B0-4C7A-85A6-E95C1D3E88EF}.Release|x64.Build.0 = Release|Any CPU
		{6F98A822-41B0-4C7A-85A6-E95C1D3E88EF}.Release|x86.ActiveCfg = Release|Any CPU
		{6F98A822-41B0-4C7A-85A6-E95C1D3E88EF}.Release|x86.Build.0 = Release|Any CPU
		{F5058589-6B12-4F5D-B9DC-A550842498E9}.Debug|Any CPU.ActiveCfg = Debug|Any CPU
		{F5058589-6B12-4F5D-B9DC-A550842498E9}.Debug|Any CPU.Build.0 = Debug|Any CPU
		{F5058589-6B12-4F5D-B9DC-A550842498E9}.Debug|ARM.ActiveCfg = Debug|Any CPU
		{F5058589-6B12-4F5D-B9DC-A550842498E9}.Debug|ARM.Build.0 = Debug|Any CPU
		{F5058589-6B12-4F5D-B9DC-A550842498E9}.Debug|Mixed Platforms.ActiveCfg = Debug|Any CPU
		{F5058589-6B12-4F5D-B9DC-A550842498E9}.Debug|Mixed Platforms.Build.0 = Debug|Any CPU
		{F5058589-6B12-4F5D-B9DC-A550842498E9}.Debug|Win32.ActiveCfg = Debug|Any CPU
		{F5058589-6B12-4F5D-B9DC-A550842498E9}.Debug|Win32.Build.0 = Debug|Any CPU
		{F5058589-6B12-4F5D-B9DC-A550842498E9}.Debug|x64.ActiveCfg = Debug|Any CPU
		{F5058589-6B12-4F5D-B9DC-A550842498E9}.Debug|x64.Build.0 = Debug|Any CPU
		{F5058589-6B12-4F5D-B9DC-A550842498E9}.Debug|x86.ActiveCfg = Debug|Any CPU
		{F5058589-6B12-4F5D-B9DC-A550842498E9}.Debug|x86.Build.0 = Debug|Any CPU
		{F5058589-6B12-4F5D-B9DC-A550842498E9}.Release|Any CPU.ActiveCfg = Release|Any CPU
		{F5058589-6B12-4F5D-B9DC-A550842498E9}.Release|Any CPU.Build.0 = Release|Any CPU
		{F5058589-6B12-4F5D-B9DC-A550842498E9}.Release|ARM.ActiveCfg = Release|Any CPU
		{F5058589-6B12-4F5D-B9DC-A550842498E9}.Release|ARM.Build.0 = Release|Any CPU
		{F5058589-6B12-4F5D-B9DC-A550842498E9}.Release|Mixed Platforms.ActiveCfg = Release|Any CPU
		{F5058589-6B12-4F5D-B9DC-A550842498E9}.Release|Mixed Platforms.Build.0 = Release|Any CPU
		{F5058589-6B12-4F5D-B9DC-A550842498E9}.Release|Win32.ActiveCfg = Release|Any CPU
		{F5058589-6B12-4F5D-B9DC-A550842498E9}.Release|Win32.Build.0 = Release|Any CPU
		{F5058589-6B12-4F5D-B9DC-A550842498E9}.Release|x64.ActiveCfg = Release|Any CPU
		{F5058589-6B12-4F5D-B9DC-A550842498E9}.Release|x64.Build.0 = Release|Any CPU
		{F5058589-6B12-4F5D-B9DC-A550842498E9}.Release|x86.ActiveCfg = Release|Any CPU
		{F5058589-6B12-4F5D-B9DC-A550842498E9}.Release|x86.Build.0 = Release|Any CPU
		{176507E1-A7B2-4D00-9F15-C0269916F653}.Debug|Any CPU.ActiveCfg = Debug|Any CPU
		{176507E1-A7B2-4D00-9F15-C0269916F653}.Debug|Any CPU.Build.0 = Debug|Any CPU
		{176507E1-A7B2-4D00-9F15-C0269916F653}.Debug|ARM.ActiveCfg = Debug|Any CPU
		{176507E1-A7B2-4D00-9F15-C0269916F653}.Debug|ARM.Build.0 = Debug|Any CPU
		{176507E1-A7B2-4D00-9F15-C0269916F653}.Debug|Mixed Platforms.ActiveCfg = Debug|Any CPU
		{176507E1-A7B2-4D00-9F15-C0269916F653}.Debug|Mixed Platforms.Build.0 = Debug|Any CPU
		{176507E1-A7B2-4D00-9F15-C0269916F653}.Debug|Win32.ActiveCfg = Debug|Any CPU
		{176507E1-A7B2-4D00-9F15-C0269916F653}.Debug|Win32.Build.0 = Debug|Any CPU
		{176507E1-A7B2-4D00-9F15-C0269916F653}.Debug|x64.ActiveCfg = Debug|Any CPU
		{176507E1-A7B2-4D00-9F15-C0269916F653}.Debug|x64.Build.0 = Debug|Any CPU
		{176507E1-A7B2-4D00-9F15-C0269916F653}.Debug|x86.ActiveCfg = Debug|Any CPU
		{176507E1-A7B2-4D00-9F15-C0269916F653}.Debug|x86.Build.0 = Debug|Any CPU
		{176507E1-A7B2-4D00-9F15-C0269916F653}.Release|Any CPU.ActiveCfg = Release|Any CPU
		{176507E1-A7B2-4D00-9F15-C0269916F653}.Release|Any CPU.Build.0 = Release|Any CPU
		{176507E1-A7B2-4D00-9F15-C0269916F653}.Release|ARM.ActiveCfg = Release|Any CPU
		{176507E1-A7B2-4D00-9F15-C0269916F653}.Release|ARM.Build.0 = Release|Any CPU
		{176507E1-A7B2-4D00-9F15-C0269916F653}.Release|Mixed Platforms.ActiveCfg = Release|Any CPU
		{176507E1-A7B2-4D00-9F15-C0269916F653}.Release|Mixed Platforms.Build.0 = Release|Any CPU
		{176507E1-A7B2-4D00-9F15-C0269916F653}.Release|Win32.ActiveCfg = Release|Any CPU
		{176507E1-A7B2-4D00-9F15-C0269916F653}.Release|Win32.Build.0 = Release|Any CPU
		{176507E1-A7B2-4D00-9F15-C0269916F653}.Release|x64.ActiveCfg = Release|Any CPU
		{176507E1-A7B2-4D00-9F15-C0269916F653}.Release|x64.Build.0 = Release|Any CPU
		{176507E1-A7B2-4D00-9F15-C0269916F653}.Release|x86.ActiveCfg = Release|Any CPU
		{176507E1-A7B2-4D00-9F15-C0269916F653}.Release|x86.Build.0 = Release|Any CPU
		{A506F0FC-DAD6-4E8B-A088-9F26A785B4E5}.Debug|Any CPU.ActiveCfg = Debug|Any CPU
		{A506F0FC-DAD6-4E8B-A088-9F26A785B4E5}.Debug|Any CPU.Build.0 = Debug|Any CPU
		{A506F0FC-DAD6-4E8B-A088-9F26A785B4E5}.Debug|ARM.ActiveCfg = Debug|Any CPU
		{A506F0FC-DAD6-4E8B-A088-9F26A785B4E5}.Debug|ARM.Build.0 = Debug|Any CPU
		{A506F0FC-DAD6-4E8B-A088-9F26A785B4E5}.Debug|Mixed Platforms.ActiveCfg = Debug|Any CPU
		{A506F0FC-DAD6-4E8B-A088-9F26A785B4E5}.Debug|Mixed Platforms.Build.0 = Debug|Any CPU
		{A506F0FC-DAD6-4E8B-A088-9F26A785B4E5}.Debug|Win32.ActiveCfg = Debug|Any CPU
		{A506F0FC-DAD6-4E8B-A088-9F26A785B4E5}.Debug|Win32.Build.0 = Debug|Any CPU
		{A506F0FC-DAD6-4E8B-A088-9F26A785B4E5}.Debug|x64.ActiveCfg = Debug|Any CPU
		{A506F0FC-DAD6-4E8B-A088-9F26A785B4E5}.Debug|x64.Build.0 = Debug|Any CPU
		{A506F0FC-DAD6-4E8B-A088-9F26A785B4E5}.Debug|x86.ActiveCfg = Debug|Any CPU
		{A506F0FC-DAD6-4E8B-A088-9F26A785B4E5}.Debug|x86.Build.0 = Debug|Any CPU
		{A506F0FC-DAD6-4E8B-A088-9F26A785B4E5}.Release|Any CPU.ActiveCfg = Release|Any CPU
		{A506F0FC-DAD6-4E8B-A088-9F26A785B4E5}.Release|Any CPU.Build.0 = Release|Any CPU
		{A506F0FC-DAD6-4E8B-A088-9F26A785B4E5}.Release|ARM.ActiveCfg = Release|Any CPU
		{A506F0FC-DAD6-4E8B-A088-9F26A785B4E5}.Release|ARM.Build.0 = Release|Any CPU
		{A506F0FC-DAD6-4E8B-A088-9F26A785B4E5}.Release|Mixed Platforms.ActiveCfg = Release|Any CPU
		{A506F0FC-DAD6-4E8B-A088-9F26A785B4E5}.Release|Mixed Platforms.Build.0 = Release|Any CPU
		{A506F0FC-DAD6-4E8B-A088-9F26A785B4E5}.Release|Win32.ActiveCfg = Release|Any CPU
		{A506F0FC-DAD6-4E8B-A088-9F26A785B4E5}.Release|Win32.Build.0 = Release|Any CPU
		{A506F0FC-DAD6-4E8B-A088-9F26A785B4E5}.Release|x64.ActiveCfg = Release|Any CPU
		{A506F0FC-DAD6-4E8B-A088-9F26A785B4E5}.Release|x64.Build.0 = Release|Any CPU
		{A506F0FC-DAD6-4E8B-A088-9F26A785B4E5}.Release|x86.ActiveCfg = Release|Any CPU
		{A506F0FC-DAD6-4E8B-A088-9F26A785B4E5}.Release|x86.Build.0 = Release|Any CPU
		{FB05E238-3A49-4609-93CF-E564216F333D}.Debug|Any CPU.ActiveCfg = Debug|Any CPU
		{FB05E238-3A49-4609-93CF-E564216F333D}.Debug|Any CPU.Build.0 = Debug|Any CPU
		{FB05E238-3A49-4609-93CF-E564216F333D}.Debug|ARM.ActiveCfg = Debug|Any CPU
		{FB05E238-3A49-4609-93CF-E564216F333D}.Debug|ARM.Build.0 = Debug|Any CPU
		{FB05E238-3A49-4609-93CF-E564216F333D}.Debug|Mixed Platforms.ActiveCfg = Debug|Any CPU
		{FB05E238-3A49-4609-93CF-E564216F333D}.Debug|Mixed Platforms.Build.0 = Debug|Any CPU
		{FB05E238-3A49-4609-93CF-E564216F333D}.Debug|Win32.ActiveCfg = Debug|Any CPU
		{FB05E238-3A49-4609-93CF-E564216F333D}.Debug|Win32.Build.0 = Debug|Any CPU
		{FB05E238-3A49-4609-93CF-E564216F333D}.Debug|x64.ActiveCfg = Debug|Any CPU
		{FB05E238-3A49-4609-93CF-E564216F333D}.Debug|x64.Build.0 = Debug|Any CPU
		{FB05E238-3A49-4609-93CF-E564216F333D}.Debug|x86.ActiveCfg = Debug|Any CPU
		{FB05E238-3A49-4609-93CF-E564216F333D}.Debug|x86.Build.0 = Debug|Any CPU
		{FB05E238-3A49-4609-93CF-E564216F333D}.Release|Any CPU.ActiveCfg = Release|Any CPU
		{FB05E238-3A49-4609-93CF-E564216F333D}.Release|Any CPU.Build.0 = Release|Any CPU
		{FB05E238-3A49-4609-93CF-E564216F333D}.Release|ARM.ActiveCfg = Release|Any CPU
		{FB05E238-3A49-4609-93CF-E564216F333D}.Release|ARM.Build.0 = Release|Any CPU
		{FB05E238-3A49-4609-93CF-E564216F333D}.Release|Mixed Platforms.ActiveCfg = Release|Any CPU
		{FB05E238-3A49-4609-93CF-E564216F333D}.Release|Mixed Platforms.Build.0 = Release|Any CPU
		{FB05E238-3A49-4609-93CF-E564216F333D}.Release|Win32.ActiveCfg = Release|Any CPU
		{FB05E238-3A49-4609-93CF-E564216F333D}.Release|Win32.Build.0 = Release|Any CPU
		{FB05E238-3A49-4609-93CF-E564216F333D}.Release|x64.ActiveCfg = Release|Any CPU
		{FB05E238-3A49-4609-93CF-E564216F333D}.Release|x64.Build.0 = Release|Any CPU
		{FB05E238-3A49-4609-93CF-E564216F333D}.Release|x86.ActiveCfg = Release|Any CPU
		{FB05E238-3A49-4609-93CF-E564216F333D}.Release|x86.Build.0 = Release|Any CPU
		{F2A3B76C-7CF5-4036-BD51-7FD1982926E0}.Debug|Any CPU.ActiveCfg = Debug|Any CPU
		{F2A3B76C-7CF5-4036-BD51-7FD1982926E0}.Debug|Any CPU.Build.0 = Debug|Any CPU
		{F2A3B76C-7CF5-4036-BD51-7FD1982926E0}.Debug|ARM.ActiveCfg = Debug|Any CPU
		{F2A3B76C-7CF5-4036-BD51-7FD1982926E0}.Debug|ARM.Build.0 = Debug|Any CPU
		{F2A3B76C-7CF5-4036-BD51-7FD1982926E0}.Debug|Mixed Platforms.ActiveCfg = Debug|Any CPU
		{F2A3B76C-7CF5-4036-BD51-7FD1982926E0}.Debug|Mixed Platforms.Build.0 = Debug|Any CPU
		{F2A3B76C-7CF5-4036-BD51-7FD1982926E0}.Debug|Win32.ActiveCfg = Debug|Any CPU
		{F2A3B76C-7CF5-4036-BD51-7FD1982926E0}.Debug|Win32.Build.0 = Debug|Any CPU
		{F2A3B76C-7CF5-4036-BD51-7FD1982926E0}.Debug|x64.ActiveCfg = Debug|Any CPU
		{F2A3B76C-7CF5-4036-BD51-7FD1982926E0}.Debug|x64.Build.0 = Debug|Any CPU
		{F2A3B76C-7CF5-4036-BD51-7FD1982926E0}.Debug|x86.ActiveCfg = Debug|Any CPU
		{F2A3B76C-7CF5-4036-BD51-7FD1982926E0}.Debug|x86.Build.0 = Debug|Any CPU
		{F2A3B76C-7CF5-4036-BD51-7FD1982926E0}.Release|Any CPU.ActiveCfg = Release|Any CPU
		{F2A3B76C-7CF5-4036-BD51-7FD1982926E0}.Release|Any CPU.Build.0 = Release|Any CPU
		{F2A3B76C-7CF5-4036-BD51-7FD1982926E0}.Release|ARM.ActiveCfg = Release|Any CPU
		{F2A3B76C-7CF5-4036-BD51-7FD1982926E0}.Release|ARM.Build.0 = Release|Any CPU
		{F2A3B76C-7CF5-4036-BD51-7FD1982926E0}.Release|Mixed Platforms.ActiveCfg = Release|Any CPU
		{F2A3B76C-7CF5-4036-BD51-7FD1982926E0}.Release|Mixed Platforms.Build.0 = Release|Any CPU
		{F2A3B76C-7CF5-4036-BD51-7FD1982926E0}.Release|Win32.ActiveCfg = Release|Any CPU
		{F2A3B76C-7CF5-4036-BD51-7FD1982926E0}.Release|Win32.Build.0 = Release|Any CPU
		{F2A3B76C-7CF5-4036-BD51-7FD1982926E0}.Release|x64.ActiveCfg = Release|Any CPU
		{F2A3B76C-7CF5-4036-BD51-7FD1982926E0}.Release|x64.Build.0 = Release|Any CPU
		{F2A3B76C-7CF5-4036-BD51-7FD1982926E0}.Release|x86.ActiveCfg = Release|Any CPU
		{F2A3B76C-7CF5-4036-BD51-7FD1982926E0}.Release|x86.Build.0 = Release|Any CPU
		{098C36B0-34DB-4559-8866-2BC403E93276}.Debug|Any CPU.ActiveCfg = Debug|Any CPU
		{098C36B0-34DB-4559-8866-2BC403E93276}.Debug|Any CPU.Build.0 = Debug|Any CPU
		{098C36B0-34DB-4559-8866-2BC403E93276}.Debug|ARM.ActiveCfg = Debug|Any CPU
		{098C36B0-34DB-4559-8866-2BC403E93276}.Debug|ARM.Build.0 = Debug|Any CPU
		{098C36B0-34DB-4559-8866-2BC403E93276}.Debug|Mixed Platforms.ActiveCfg = Debug|Any CPU
		{098C36B0-34DB-4559-8866-2BC403E93276}.Debug|Mixed Platforms.Build.0 = Debug|Any CPU
		{098C36B0-34DB-4559-8866-2BC403E93276}.Debug|Win32.ActiveCfg = Debug|Any CPU
		{098C36B0-34DB-4559-8866-2BC403E93276}.Debug|Win32.Build.0 = Debug|Any CPU
		{098C36B0-34DB-4559-8866-2BC403E93276}.Debug|x64.ActiveCfg = Debug|Any CPU
		{098C36B0-34DB-4559-8866-2BC403E93276}.Debug|x64.Build.0 = Debug|Any CPU
		{098C36B0-34DB-4559-8866-2BC403E93276}.Debug|x86.ActiveCfg = Debug|Any CPU
		{098C36B0-34DB-4559-8866-2BC403E93276}.Debug|x86.Build.0 = Debug|Any CPU
		{098C36B0-34DB-4559-8866-2BC403E93276}.Release|Any CPU.ActiveCfg = Release|Any CPU
		{098C36B0-34DB-4559-8866-2BC403E93276}.Release|Any CPU.Build.0 = Release|Any CPU
		{098C36B0-34DB-4559-8866-2BC403E93276}.Release|ARM.ActiveCfg = Release|Any CPU
		{098C36B0-34DB-4559-8866-2BC403E93276}.Release|ARM.Build.0 = Release|Any CPU
		{098C36B0-34DB-4559-8866-2BC403E93276}.Release|Mixed Platforms.ActiveCfg = Release|Any CPU
		{098C36B0-34DB-4559-8866-2BC403E93276}.Release|Mixed Platforms.Build.0 = Release|Any CPU
		{098C36B0-34DB-4559-8866-2BC403E93276}.Release|Win32.ActiveCfg = Release|Any CPU
		{098C36B0-34DB-4559-8866-2BC403E93276}.Release|Win32.Build.0 = Release|Any CPU
		{098C36B0-34DB-4559-8866-2BC403E93276}.Release|x64.ActiveCfg = Release|Any CPU
		{098C36B0-34DB-4559-8866-2BC403E93276}.Release|x64.Build.0 = Release|Any CPU
		{098C36B0-34DB-4559-8866-2BC403E93276}.Release|x86.ActiveCfg = Release|Any CPU
		{098C36B0-34DB-4559-8866-2BC403E93276}.Release|x86.Build.0 = Release|Any CPU
	EndGlobalSection
	GlobalSection(SolutionProperties) = preSolution
		HideSolutionNode = FALSE
	EndGlobalSection
	GlobalSection(NestedProjects) = preSolution
		{E540A99A-476B-4520-A228-A4A021D14AC1} = {AA1E389E-63B7-4A2F-9528-00665765DBB9}
		{1E2CA029-358D-41BC-9806-8110358C70B7} = {AA1E389E-63B7-4A2F-9528-00665765DBB9}
		{2F6EE037-2E83-484D-B408-2664A67E055E} = {AA1E389E-63B7-4A2F-9528-00665765DBB9}
		{7DEF36CE-85C8-4362-A3C4-A251E7622D91} = {AA1E389E-63B7-4A2F-9528-00665765DBB9}
		{6943487D-A0EE-4FFF-A487-0BB7713E6FD1} = {AA1E389E-63B7-4A2F-9528-00665765DBB9}
		{F93A45CE-BCAF-4306-B4B4-BD330CA6A993} = {AA1E389E-63B7-4A2F-9528-00665765DBB9}
		{249FDC93-FB79-4BC8-B204-4E31B5825C1D} = {AA1E389E-63B7-4A2F-9528-00665765DBB9}
		{746AE8CE-8AE9-4A85-B119-48758CDAD8B3} = {AA1E389E-63B7-4A2F-9528-00665765DBB9}
		{FE640B18-2E46-47C4-A269-E434AD76A532} = {AA1E389E-63B7-4A2F-9528-00665765DBB9}
		{D5012EFA-4405-4CA0-B891-731CAF78AA25} = {AA1E389E-63B7-4A2F-9528-00665765DBB9}
		{675756D4-3D4C-4DF3-A29A-D53B4DAC32F7} = {AA1E389E-63B7-4A2F-9528-00665765DBB9}
		{81406AD1-631A-463E-9605-46C3F17DD6F8} = {AA1E389E-63B7-4A2F-9528-00665765DBB9}
		{0451C676-A114-4088-A997-87136152F69F} = {AA1E389E-63B7-4A2F-9528-00665765DBB9}
		{D11FD3CC-5A6E-4126-A197-65F6463155AF} = {AA1E389E-63B7-4A2F-9528-00665765DBB9}
		{443E6751-17FE-4FEE-9701-B38519662772} = {AA1E389E-63B7-4A2F-9528-00665765DBB9}
		{55A0607A-0134-434B-B578-4E0CB3E0660F} = {AA1E389E-63B7-4A2F-9528-00665765DBB9}
		{6FEC8233-7ECB-46E2-A576-DD73692F8BFB} = {AA1E389E-63B7-4A2F-9528-00665765DBB9}
		{61556B6D-CDE8-4596-AFFD-8C19132F58A2} = {AA1E389E-63B7-4A2F-9528-00665765DBB9}
		{5390D103-CC38-4C0E-A9FF-E2EB48A0833E} = {AA1E389E-63B7-4A2F-9528-00665765DBB9}
		{2819FCFA-B788-456F-963A-83C443E5AF6E} = {AA1E389E-63B7-4A2F-9528-00665765DBB9}
		{940BF215-9991-400A-A3AD-F65476556832} = {AA1E389E-63B7-4A2F-9528-00665765DBB9}
		{5A6055BC-BF86-4FDD-9F62-0109DB7A303B} = {3707237E-34A1-40F7-916B-339A7721EF37}
		{6F98A822-41B0-4C7A-85A6-E95C1D3E88EF} = {3707237E-34A1-40F7-916B-339A7721EF37}
		{F5058589-6B12-4F5D-B9DC-A550842498E9} = {AA1E389E-63B7-4A2F-9528-00665765DBB9}
		{176507E1-A7B2-4D00-9F15-C0269916F653} = {AA1E389E-63B7-4A2F-9528-00665765DBB9}
		{A506F0FC-DAD6-4E8B-A088-9F26A785B4E5} = {AA1E389E-63B7-4A2F-9528-00665765DBB9}
		{FB05E238-3A49-4609-93CF-E564216F333D} = {AA1E389E-63B7-4A2F-9528-00665765DBB9}
		{F2A3B76C-7CF5-4036-BD51-7FD1982926E0} = {AA1E389E-63B7-4A2F-9528-00665765DBB9}
		{098C36B0-34DB-4559-8866-2BC403E93276} = {AA1E389E-63B7-4A2F-9528-00665765DBB9}
	EndGlobalSection
	GlobalSection(ExtensibilityGlobals) = postSolution
		SolutionGuid = {C76C8CDF-9484-401F-8FD1-C019E1179010}
	EndGlobalSection
EndGlobal
